
Microsoft Visual Studio Solution File, Format Version 11.00
# Visual Studio 2010
Project("{8BC9CEB8-8B4A-11D0-8D11-00A0C91BC942}") = "Bullet3Common", "Bullet3Common.vcxproj", "{F2D54DD1-3675-914B-B176-B8728217E728}"
EndProject
Project("{8BC9CEB8-8B4A-11D0-8D11-00A0C91BC942}") = "Bullet3Geometry", "Bullet3Geometry.vcxproj", "{EFF2C425-98BE-9540-906C-56BD59CFC5F4}"
EndProject
Project("{8BC9CEB8-8B4A-11D0-8D11-00A0C91BC942}") = "Bullet3Collision", "Bullet3Collision.vcxproj", "{304EBD85-1DDC-D849-928E-79C37A647031}"
EndProject
Project("{8BC9CEB8-8B4A-11D0-8D11-00A0C91BC942}") = "Bullet3Dynamics", "Bullet3Dynamics.vcxproj", "{8AFCEC78-CECB-8145-BAC2-19FD645757F8}"
EndProject
Project("{8BC9CEB8-8B4A-11D0-8D11-00A0C91BC942}") = "Bullet3OpenCL_clew", "Bullet3OpenCL_clew.vcxproj", "{17364C23-D95B-144C-9DC0-1026D4E0C9FF}"
EndProject
Project("{8BC9CEB8-8B4A-11D0-8D11-00A0C91BC942}") = "Bullet2FileLoader", "Bullet2FileLoader.vcxproj", "{C3D47728-5413-FF48-B057-59253BCE737A}"
EndProject
Project("{8BC9CEB8-8B4A-11D0-8D11-00A0C91BC942}") = "HACD", "HACD.vcxproj", "{5FA9826A-FDFD-AF42-93D6-FEBE05346A3F}"
EndProject
Project("{8BC9CEB8-8B4A-11D0-8D11-00A0C91BC942}") = "ConvexDecomposition", "ConvexDecomposition.vcxproj", "{F122E628-85D8-9B45-B62B-A97224DD51BD}"
EndProject
Project("{8BC9CEB8-8B4A-11D0-8D11-00A0C91BC942}") = "BulletInverseDynamicsUtils", "BulletInverseDynamicsUtils.vcxproj", "{86DAC638-BD14-0D41-AFC9-7DB43E02869B}"
EndProject
Project("{8BC9CEB8-8B4A-11D0-8D11-00A0C91BC942}") = "BulletFileLoader", "BulletFileLoader.vcxproj", "{1773089F-7E05-D947-8E71-FCA9D14E8AD8}"
EndProject
Project("{8BC9CEB8-8B4A-11D0-8D11-00A0C91BC942}") = "BulletWorldImporter", "BulletWorldImporter.vcxproj", "{DCA9A79E-1445-5740-BA5D-02DAF34FA560}"
EndProject
Project("{8BC9CEB8-8B4A-11D0-8D11-00A0C91BC942}") = "BulletXmlWorldImporter", "BulletXmlWorldImporter.vcxproj", "{AA8FF1D8-4AE5-6C4B-A14B-735DCE043A7D}"
EndProject
Project("{8BC9CEB8-8B4A-11D0-8D11-00A0C91BC942}") = "App_ExampleBrowser", "App_ExampleBrowser.vcxproj", "{A139F941-B5F3-4041-9696-537A8340221F}"
	ProjectSection(ProjectDependencies) = postProject
		{254E07BD-B5CC-3E49-9683-B0812912C24D} = {254E07BD-B5CC-3E49-9683-B0812912C24D}
		{63CA615F-7486-974B-9CC3-10BE1A7BFD94} = {63CA615F-7486-974B-9CC3-10BE1A7BFD94}
		{3FA20645-4207-6C4B-8F21-AC65C6769C24} = {3FA20645-4207-6C4B-8F21-AC65C6769C24}
		{86DAC638-BD14-0D41-AFC9-7DB43E02869B} = {86DAC638-BD14-0D41-AFC9-7DB43E02869B}
		{5C9498DA-1A57-E741-B2CB-C23448126C38} = {5C9498DA-1A57-E741-B2CB-C23448126C38}
		{D830D22D-88DD-B64B-8C21-FAF7A496968D} = {D830D22D-88DD-B64B-8C21-FAF7A496968D}
		{DB2A7438-0236-9842-84D4-1A9A9730240B} = {DB2A7438-0236-9842-84D4-1A9A9730240B}
		{53ABEF4A-8CF8-EA43-9094-DB0522C4D8EB} = {53ABEF4A-8CF8-EA43-9094-DB0522C4D8EB}
		{F2D54DD1-3675-914B-B176-B8728217E728} = {F2D54DD1-3675-914B-B176-B8728217E728}
		{17364C23-D95B-144C-9DC0-1026D4E0C9FF} = {17364C23-D95B-144C-9DC0-1026D4E0C9FF}
		{8AFCEC78-CECB-8145-BAC2-19FD645757F8} = {8AFCEC78-CECB-8145-BAC2-19FD645757F8}
		{304EBD85-1DDC-D849-928E-79C37A647031} = {304EBD85-1DDC-D849-928E-79C37A647031}
		{EFF2C425-98BE-9540-906C-56BD59CFC5F4} = {EFF2C425-98BE-9540-906C-56BD59CFC5F4}
	EndProjectSection
EndProject
Project("{8BC9CEB8-8B4A-11D0-8D11-00A0C91BC942}") = "OpenGL_Window", "OpenGL_Window.vcxproj", "{63CA615F-7486-974B-9CC3-10BE1A7BFD94}"
EndProject
Project("{8BC9CEB8-8B4A-11D0-8D11-00A0C91BC942}") = "gwen", "gwen.vcxproj", "{254E07BD-B5CC-3E49-9683-B0812912C24D}"
EndProject
Project("{8BC9CEB8-8B4A-11D0-8D11-00A0C91BC942}") = "App_HelloWorld", "App_HelloWorld.vcxproj", "{1CB6FDF0-F6AC-9B49-ADFE-B26D3C122817}"
	ProjectSection(ProjectDependencies) = postProject
		{D830D22D-88DD-B64B-8C21-FAF7A496968D} = {D830D22D-88DD-B64B-8C21-FAF7A496968D}
		{DB2A7438-0236-9842-84D4-1A9A9730240B} = {DB2A7438-0236-9842-84D4-1A9A9730240B}
		{53ABEF4A-8CF8-EA43-9094-DB0522C4D8EB} = {53ABEF4A-8CF8-EA43-9094-DB0522C4D8EB}
	EndProjectSection
EndProject
Project("{8BC9CEB8-8B4A-11D0-8D11-00A0C91BC942}") = "App_BasicExample", "App_BasicExample.vcxproj", "{461B9C57-1140-044C-9779-C027AE3AD18E}"
	ProjectSection(ProjectDependencies) = postProject
		{D830D22D-88DD-B64B-8C21-FAF7A496968D} = {D830D22D-88DD-B64B-8C21-FAF7A496968D}
		{DB2A7438-0236-9842-84D4-1A9A9730240B} = {DB2A7438-0236-9842-84D4-1A9A9730240B}
		{53ABEF4A-8CF8-EA43-9094-DB0522C4D8EB} = {53ABEF4A-8CF8-EA43-9094-DB0522C4D8EB}
	EndProjectSection
EndProject
Project("{8BC9CEB8-8B4A-11D0-8D11-00A0C91BC942}") = "App_SharedMemoryPhysics", "App_SharedMemoryPhysics.vcxproj", "{D4FAA415-762C-EB4A-96A4-BAD6E6CCE532}"
	ProjectSection(ProjectDependencies) = postProject
		{F2D54DD1-3675-914B-B176-B8728217E728} = {F2D54DD1-3675-914B-B176-B8728217E728}
		{D830D22D-88DD-B64B-8C21-FAF7A496968D} = {D830D22D-88DD-B64B-8C21-FAF7A496968D}
		{DB2A7438-0236-9842-84D4-1A9A9730240B} = {DB2A7438-0236-9842-84D4-1A9A9730240B}
		{53ABEF4A-8CF8-EA43-9094-DB0522C4D8EB} = {53ABEF4A-8CF8-EA43-9094-DB0522C4D8EB}
	EndProjectSection
EndProject
Project("{8BC9CEB8-8B4A-11D0-8D11-00A0C91BC942}") = "App_ThreadingTest", "App_ThreadingTest.vcxproj", "{0982C6B3-EBF0-DC4F-B4E0-9E8E2E8186E1}"
	ProjectSection(ProjectDependencies) = postProject
		{F2D54DD1-3675-914B-B176-B8728217E728} = {F2D54DD1-3675-914B-B176-B8728217E728}
	EndProjectSection
EndProject
Project("{8BC9CEB8-8B4A-11D0-8D11-00A0C91BC942}") = "Test_SharedMemoryPhysicsClient", "Test_SharedMemoryPhysicsClient.vcxproj", "{0CD626B3-C4B9-6946-BB5B-231E7B535ED6}"
	ProjectSection(ProjectDependencies) = postProject
		{1773089F-7E05-D947-8E71-FCA9D14E8AD8} = {1773089F-7E05-D947-8E71-FCA9D14E8AD8}
		{F2D54DD1-3675-914B-B176-B8728217E728} = {F2D54DD1-3675-914B-B176-B8728217E728}
		{53ABEF4A-8CF8-EA43-9094-DB0522C4D8EB} = {53ABEF4A-8CF8-EA43-9094-DB0522C4D8EB}
	EndProjectSection
EndProject
Project("{8BC9CEB8-8B4A-11D0-8D11-00A0C91BC942}") = "Test_PhysicsServerLoopBack", "Test_PhysicsServerLoopBack.vcxproj", "{248C187C-7287-7A42-8B9E-468AE6F7ABAE}"
	ProjectSection(ProjectDependencies) = postProject
		{1773089F-7E05-D947-8E71-FCA9D14E8AD8} = {1773089F-7E05-D947-8E71-FCA9D14E8AD8}
		{DCA9A79E-1445-5740-BA5D-02DAF34FA560} = {DCA9A79E-1445-5740-BA5D-02DAF34FA560}
		{F2D54DD1-3675-914B-B176-B8728217E728} = {F2D54DD1-3675-914B-B176-B8728217E728}
		{D830D22D-88DD-B64B-8C21-FAF7A496968D} = {D830D22D-88DD-B64B-8C21-FAF7A496968D}
		{DB2A7438-0236-9842-84D4-1A9A9730240B} = {DB2A7438-0236-9842-84D4-1A9A9730240B}
		{53ABEF4A-8CF8-EA43-9094-DB0522C4D8EB} = {53ABEF4A-8CF8-EA43-9094-DB0522C4D8EB}
	EndProjectSection
EndProject
Project("{8BC9CEB8-8B4A-11D0-8D11-00A0C91BC942}") = "Test_PhysicsServerDirect", "Test_PhysicsServerDirect.vcxproj", "{157EC97B-5DCC-0640-AE54-5135C81D9A38}"
	ProjectSection(ProjectDependencies) = postProject
		{1773089F-7E05-D947-8E71-FCA9D14E8AD8} = {1773089F-7E05-D947-8E71-FCA9D14E8AD8}
		{DCA9A79E-1445-5740-BA5D-02DAF34FA560} = {DCA9A79E-1445-5740-BA5D-02DAF34FA560}
		{F2D54DD1-3675-914B-B176-B8728217E728} = {F2D54DD1-3675-914B-B176-B8728217E728}
		{D830D22D-88DD-B64B-8C21-FAF7A496968D} = {D830D22D-88DD-B64B-8C21-FAF7A496968D}
		{DB2A7438-0236-9842-84D4-1A9A9730240B} = {DB2A7438-0236-9842-84D4-1A9A9730240B}
		{53ABEF4A-8CF8-EA43-9094-DB0522C4D8EB} = {53ABEF4A-8CF8-EA43-9094-DB0522C4D8EB}
	EndProjectSection
EndProject
Project("{8BC9CEB8-8B4A-11D0-8D11-00A0C91BC942}") = "Test_LinearMath", "Test_LinearMath.vcxproj", "{B97C9B7A-932C-0146-84AC-0761CCA3B596}"
	ProjectSection(ProjectDependencies) = postProject
		{D830D22D-88DD-B64B-8C21-FAF7A496968D} = {D830D22D-88DD-B64B-8C21-FAF7A496968D}
		{DB2A7438-0236-9842-84D4-1A9A9730240B} = {DB2A7438-0236-9842-84D4-1A9A9730240B}
		{53ABEF4A-8CF8-EA43-9094-DB0522C4D8EB} = {53ABEF4A-8CF8-EA43-9094-DB0522C4D8EB}
	EndProjectSection
EndProject
Project("{8BC9CEB8-8B4A-11D0-8D11-00A0C91BC942}") = "gtest", "gtest.vcxproj", "{C875B888-9726-9840-B541-225DF8487507}"
EndProject
Project("{8BC9CEB8-8B4A-11D0-8D11-00A0C91BC942}") = "Test_BulletCollision", "Test_BulletCollision.vcxproj", "{75605399-D65E-A041-9598-448B36A95226}"
	ProjectSection(ProjectDependencies) = postProject
		{53ABEF4A-8CF8-EA43-9094-DB0522C4D8EB} = {53ABEF4A-8CF8-EA43-9094-DB0522C4D8EB}
		{C875B888-9726-9840-B541-225DF8487507} = {C875B888-9726-9840-B541-225DF8487507}
	EndProjectSection
EndProject
Project("{8BC9CEB8-8B4A-11D0-8D11-00A0C91BC942}") = "Test_BulletDynamics", "Test_BulletDynamics.vcxproj", "{7062A06A-7EE8-6A48-85D5-7B20F7117F8E}"
	ProjectSection(ProjectDependencies) = postProject
		{D830D22D-88DD-B64B-8C21-FAF7A496968D} = {D830D22D-88DD-B64B-8C21-FAF7A496968D}
		{DB2A7438-0236-9842-84D4-1A9A9730240B} = {DB2A7438-0236-9842-84D4-1A9A9730240B}
		{53ABEF4A-8CF8-EA43-9094-DB0522C4D8EB} = {53ABEF4A-8CF8-EA43-9094-DB0522C4D8EB}
		{C875B888-9726-9840-B541-225DF8487507} = {C875B888-9726-9840-B541-225DF8487507}
	EndProjectSection
EndProject
Project("{8BC9CEB8-8B4A-11D0-8D11-00A0C91BC942}") = "Test_InverseDynamicsKinematics", "Test_InverseDynamicsKinematics.vcxproj", "{5CD017E6-85B8-CE48-AF51-02E8D36B06A0}"
	ProjectSection(ProjectDependencies) = postProject
		{86DAC638-BD14-0D41-AFC9-7DB43E02869B} = {86DAC638-BD14-0D41-AFC9-7DB43E02869B}
		{5C9498DA-1A57-E741-B2CB-C23448126C38} = {5C9498DA-1A57-E741-B2CB-C23448126C38}
		{F2D54DD1-3675-914B-B176-B8728217E728} = {F2D54DD1-3675-914B-B176-B8728217E728}
		{53ABEF4A-8CF8-EA43-9094-DB0522C4D8EB} = {53ABEF4A-8CF8-EA43-9094-DB0522C4D8EB}
		{C875B888-9726-9840-B541-225DF8487507} = {C875B888-9726-9840-B541-225DF8487507}
	EndProjectSection
EndProject
Project("{8BC9CEB8-8B4A-11D0-8D11-00A0C91BC942}") = "Test_InverseForwardDynamics", "Test_InverseForwardDynamics.vcxproj", "{10B35BD1-DF1B-354F-97A0-EFED3C946B51}"
	ProjectSection(ProjectDependencies) = postProject
		{D830D22D-88DD-B64B-8C21-FAF7A496968D} = {D830D22D-88DD-B64B-8C21-FAF7A496968D}
		{DB2A7438-0236-9842-84D4-1A9A9730240B} = {DB2A7438-0236-9842-84D4-1A9A9730240B}
		{86DAC638-BD14-0D41-AFC9-7DB43E02869B} = {86DAC638-BD14-0D41-AFC9-7DB43E02869B}
		{5C9498DA-1A57-E741-B2CB-C23448126C38} = {5C9498DA-1A57-E741-B2CB-C23448126C38}
		{F2D54DD1-3675-914B-B176-B8728217E728} = {F2D54DD1-3675-914B-B176-B8728217E728}
		{53ABEF4A-8CF8-EA43-9094-DB0522C4D8EB} = {53ABEF4A-8CF8-EA43-9094-DB0522C4D8EB}
		{C875B888-9726-9840-B541-225DF8487507} = {C875B888-9726-9840-B541-225DF8487507}
	EndProjectSection
EndProject
Project("{8BC9CEB8-8B4A-11D0-8D11-00A0C91BC942}") = "Test_OpenCL_Bullet3", "Test_OpenCL_Bullet3.vcxproj", "{53A84080-BCE2-6E45-8FF5-42B825B58C03}"
	ProjectSection(ProjectDependencies) = postProject
		{C875B888-9726-9840-B541-225DF8487507} = {C875B888-9726-9840-B541-225DF8487507}
		{17364C23-D95B-144C-9DC0-1026D4E0C9FF} = {17364C23-D95B-144C-9DC0-1026D4E0C9FF}
		{F2D54DD1-3675-914B-B176-B8728217E728} = {F2D54DD1-3675-914B-B176-B8728217E728}
	EndProjectSection
EndProject
Project("{8BC9CEB8-8B4A-11D0-8D11-00A0C91BC942}") = "Test_Gwen_OpenGL", "Test_Gwen_OpenGL.vcxproj", "{29622675-4F24-3F4C-9BEB-19862F9DADB6}"
	ProjectSection(ProjectDependencies) = postProject
		{254E07BD-B5CC-3E49-9683-B0812912C24D} = {254E07BD-B5CC-3E49-9683-B0812912C24D}
	EndProjectSection
EndProject
Project("{8BC9CEB8-8B4A-11D0-8D11-00A0C91BC942}") = "BulletInverseDynamics", "BulletInverseDynamics.vcxproj", "{5C9498DA-1A57-E741-B2CB-C23448126C38}"
EndProject
Project("{8BC9CEB8-8B4A-11D0-8D11-00A0C91BC942}") = "BulletSoftBody", "BulletSoftBody.vcxproj", "{3FA20645-4207-6C4B-8F21-AC65C6769C24}"
EndProject
Project("{8BC9CEB8-8B4A-11D0-8D11-00A0C91BC942}") = "BulletDynamics", "BulletDynamics.vcxproj", "{D830D22D-88DD-B64B-8C21-FAF7A496968D}"
EndProject
Project("{8BC9CEB8-8B4A-11D0-8D11-00A0C91BC942}") = "BulletCollision", "BulletCollision.vcxproj", "{DB2A7438-0236-9842-84D4-1A9A9730240B}"
EndProject
Project("{8BC9CEB8-8B4A-11D0-8D11-00A0C91BC942}") = "LinearMath", "LinearMath.vcxproj", "{53ABEF4A-8CF8-EA43-9094-DB0522C4D8EB}"
EndProject
Global
	GlobalSection(SolutionConfigurationPlatforms) = preSolution
		Release|Win32 = Release|Win32
		Release|x64 = Release|x64
		Debug|Win32 = Debug|Win32
		Debug|x64 = Debug|x64
	EndGlobalSection
	GlobalSection(ProjectConfigurationPlatforms) = postSolution
		{F2D54DD1-3675-914B-B176-B8728217E728}.Release|Win32.ActiveCfg = Release|Win32
		{F2D54DD1-3675-914B-B176-B8728217E728}.Release|Win32.Build.0 = Release|Win32
		{F2D54DD1-3675-914B-B176-B8728217E728}.Release|x64.ActiveCfg = Release|x64
		{F2D54DD1-3675-914B-B176-B8728217E728}.Release|x64.Build.0 = Release|x64
		{F2D54DD1-3675-914B-B176-B8728217E728}.Debug|Win32.ActiveCfg = Debug|Win32
		{F2D54DD1-3675-914B-B176-B8728217E728}.Debug|Win32.Build.0 = Debug|Win32
		{F2D54DD1-3675-914B-B176-B8728217E728}.Debug|x64.ActiveCfg = Debug|x64
		{F2D54DD1-3675-914B-B176-B8728217E728}.Debug|x64.Build.0 = Debug|x64
		{EFF2C425-98BE-9540-906C-56BD59CFC5F4}.Release|Win32.ActiveCfg = Release|Win32
		{EFF2C425-98BE-9540-906C-56BD59CFC5F4}.Release|Win32.Build.0 = Release|Win32
		{EFF2C425-98BE-9540-906C-56BD59CFC5F4}.Release|x64.ActiveCfg = Release|x64
		{EFF2C425-98BE-9540-906C-56BD59CFC5F4}.Release|x64.Build.0 = Release|x64
		{EFF2C425-98BE-9540-906C-56BD59CFC5F4}.Debug|Win32.ActiveCfg = Debug|Win32
		{EFF2C425-98BE-9540-906C-56BD59CFC5F4}.Debug|Win32.Build.0 = Debug|Win32
		{EFF2C425-98BE-9540-906C-56BD59CFC5F4}.Debug|x64.ActiveCfg = Debug|x64
		{EFF2C425-98BE-9540-906C-56BD59CFC5F4}.Debug|x64.Build.0 = Debug|x64
		{304EBD85-1DDC-D849-928E-79C37A647031}.Release|Win32.ActiveCfg = Release|Win32
		{304EBD85-1DDC-D849-928E-79C37A647031}.Release|Win32.Build.0 = Release|Win32
		{304EBD85-1DDC-D849-928E-79C37A647031}.Release|x64.ActiveCfg = Release|x64
		{304EBD85-1DDC-D849-928E-79C37A647031}.Release|x64.Build.0 = Release|x64
		{304EBD85-1DDC-D849-928E-79C37A647031}.Debug|Win32.ActiveCfg = Debug|Win32
		{304EBD85-1DDC-D849-928E-79C37A647031}.Debug|Win32.Build.0 = Debug|Win32
		{304EBD85-1DDC-D849-928E-79C37A647031}.Debug|x64.ActiveCfg = Debug|x64
		{304EBD85-1DDC-D849-928E-79C37A647031}.Debug|x64.Build.0 = Debug|x64
		{8AFCEC78-CECB-8145-BAC2-19FD645757F8}.Release|Win32.ActiveCfg = Release|Win32
		{8AFCEC78-CECB-8145-BAC2-19FD645757F8}.Release|Win32.Build.0 = Release|Win32
		{8AFCEC78-CECB-8145-BAC2-19FD645757F8}.Release|x64.ActiveCfg = Release|x64
		{8AFCEC78-CECB-8145-BAC2-19FD645757F8}.Release|x64.Build.0 = Release|x64
		{8AFCEC78-CECB-8145-BAC2-19FD645757F8}.Debug|Win32.ActiveCfg = Debug|Win32
		{8AFCEC78-CECB-8145-BAC2-19FD645757F8}.Debug|Win32.Build.0 = Debug|Win32
		{8AFCEC78-CECB-8145-BAC2-19FD645757F8}.Debug|x64.ActiveCfg = Debug|x64
		{8AFCEC78-CECB-8145-BAC2-19FD645757F8}.Debug|x64.Build.0 = Debug|x64
		{17364C23-D95B-144C-9DC0-1026D4E0C9FF}.Release|Win32.ActiveCfg = Release|Win32
		{17364C23-D95B-144C-9DC0-1026D4E0C9FF}.Release|Win32.Build.0 = Release|Win32
		{17364C23-D95B-144C-9DC0-1026D4E0C9FF}.Release|x64.ActiveCfg = Release|x64
		{17364C23-D95B-144C-9DC0-1026D4E0C9FF}.Release|x64.Build.0 = Release|x64
		{17364C23-D95B-144C-9DC0-1026D4E0C9FF}.Debug|Win32.ActiveCfg = Debug|Win32
		{17364C23-D95B-144C-9DC0-1026D4E0C9FF}.Debug|Win32.Build.0 = Debug|Win32
		{17364C23-D95B-144C-9DC0-1026D4E0C9FF}.Debug|x64.ActiveCfg = Debug|x64
		{17364C23-D95B-144C-9DC0-1026D4E0C9FF}.Debug|x64.Build.0 = Debug|x64
		{C3D47728-5413-FF48-B057-59253BCE737A}.Release|Win32.ActiveCfg = Release|Win32
		{C3D47728-5413-FF48-B057-59253BCE737A}.Release|Win32.Build.0 = Release|Win32
		{C3D47728-5413-FF48-B057-59253BCE737A}.Release|x64.ActiveCfg = Release|x64
		{C3D47728-5413-FF48-B057-59253BCE737A}.Release|x64.Build.0 = Release|x64
		{C3D47728-5413-FF48-B057-59253BCE737A}.Debug|Win32.ActiveCfg = Debug|Win32
		{C3D47728-5413-FF48-B057-59253BCE737A}.Debug|Win32.Build.0 = Debug|Win32
		{C3D47728-5413-FF48-B057-59253BCE737A}.Debug|x64.ActiveCfg = Debug|x64
		{C3D47728-5413-FF48-B057-59253BCE737A}.Debug|x64.Build.0 = Debug|x64
		{5FA9826A-FDFD-AF42-93D6-FEBE05346A3F}.Release|Win32.ActiveCfg = Release|Win32
		{5FA9826A-FDFD-AF42-93D6-FEBE05346A3F}.Release|Win32.Build.0 = Release|Win32
		{5FA9826A-FDFD-AF42-93D6-FEBE05346A3F}.Release|x64.ActiveCfg = Release|x64
		{5FA9826A-FDFD-AF42-93D6-FEBE05346A3F}.Release|x64.Build.0 = Release|x64
		{5FA9826A-FDFD-AF42-93D6-FEBE05346A3F}.Debug|Win32.ActiveCfg = Debug|Win32
		{5FA9826A-FDFD-AF42-93D6-FEBE05346A3F}.Debug|Win32.Build.0 = Debug|Win32
		{5FA9826A-FDFD-AF42-93D6-FEBE05346A3F}.Debug|x64.ActiveCfg = Debug|x64
		{5FA9826A-FDFD-AF42-93D6-FEBE05346A3F}.Debug|x64.Build.0 = Debug|x64
		{F122E628-85D8-9B45-B62B-A97224DD51BD}.Release|Win32.ActiveCfg = Release|Win32
		{F122E628-85D8-9B45-B62B-A97224DD51BD}.Release|Win32.Build.0 = Release|Win32
		{F122E628-85D8-9B45-B62B-A97224DD51BD}.Release|x64.ActiveCfg = Release|x64
		{F122E628-85D8-9B45-B62B-A97224DD51BD}.Release|x64.Build.0 = Release|x64
		{F122E628-85D8-9B45-B62B-A97224DD51BD}.Debug|Win32.ActiveCfg = Debug|Win32
		{F122E628-85D8-9B45-B62B-A97224DD51BD}.Debug|Win32.Build.0 = Debug|Win32
		{F122E628-85D8-9B45-B62B-A97224DD51BD}.Debug|x64.ActiveCfg = Debug|x64
		{F122E628-85D8-9B45-B62B-A97224DD51BD}.Debug|x64.Build.0 = Debug|x64
		{86DAC638-BD14-0D41-AFC9-7DB43E02869B}.Release|Win32.ActiveCfg = Release|Win32
		{86DAC638-BD14-0D41-AFC9-7DB43E02869B}.Release|Win32.Build.0 = Release|Win32
		{86DAC638-BD14-0D41-AFC9-7DB43E02869B}.Release|x64.ActiveCfg = Release|x64
		{86DAC638-BD14-0D41-AFC9-7DB43E02869B}.Release|x64.Build.0 = Release|x64
		{86DAC638-BD14-0D41-AFC9-7DB43E02869B}.Debug|Win32.ActiveCfg = Debug|Win32
		{86DAC638-BD14-0D41-AFC9-7DB43E02869B}.Debug|Win32.Build.0 = Debug|Win32
		{86DAC638-BD14-0D41-AFC9-7DB43E02869B}.Debug|x64.ActiveCfg = Debug|x64
		{86DAC638-BD14-0D41-AFC9-7DB43E02869B}.Debug|x64.Build.0 = Debug|x64
		{1773089F-7E05-D947-8E71-FCA9D14E8AD8}.Release|Win32.ActiveCfg = Release|Win32
		{1773089F-7E05-D947-8E71-FCA9D14E8AD8}.Release|Win32.Build.0 = Release|Win32
		{1773089F-7E05-D947-8E71-FCA9D14E8AD8}.Release|x64.ActiveCfg = Release|x64
		{1773089F-7E05-D947-8E71-FCA9D14E8AD8}.Release|x64.Build.0 = Release|x64
		{1773089F-7E05-D947-8E71-FCA9D14E8AD8}.Debug|Win32.ActiveCfg = Debug|Win32
		{1773089F-7E05-D947-8E71-FCA9D14E8AD8}.Debug|Win32.Build.0 = Debug|Win32
		{1773089F-7E05-D947-8E71-FCA9D14E8AD8}.Debug|x64.ActiveCfg = Debug|x64
		{1773089F-7E05-D947-8E71-FCA9D14E8AD8}.Debug|x64.Build.0 = Debug|x64
		{DCA9A79E-1445-5740-BA5D-02DAF34FA560}.Release|Win32.ActiveCfg = Release|Win32
		{DCA9A79E-1445-5740-BA5D-02DAF34FA560}.Release|Win32.Build.0 = Release|Win32
		{DCA9A79E-1445-5740-BA5D-02DAF34FA560}.Release|x64.ActiveCfg = Release|x64
		{DCA9A79E-1445-5740-BA5D-02DAF34FA560}.Release|x64.Build.0 = Release|x64
		{DCA9A79E-1445-5740-BA5D-02DAF34FA560}.Debug|Win32.ActiveCfg = Debug|Win32
		{DCA9A79E-1445-5740-BA5D-02DAF34FA560}.Debug|Win32.Build.0 = Debug|Win32
		{DCA9A79E-1445-5740-BA5D-02DAF34FA560}.Debug|x64.ActiveCfg = Debug|x64
		{DCA9A79E-1445-5740-BA5D-02DAF34FA560}.Debug|x64.Build.0 = Debug|x64
		{AA8FF1D8-4AE5-6C4B-A14B-735DCE043A7D}.Release|Win32.ActiveCfg = Release|Win32
		{AA8FF1D8-4AE5-6C4B-A14B-735DCE043A7D}.Release|Win32.Build.0 = Release|Win32
		{AA8FF1D8-4AE5-6C4B-A14B-735DCE043A7D}.Release|x64.ActiveCfg = Release|x64
		{AA8FF1D8-4AE5-6C4B-A14B-735DCE043A7D}.Release|x64.Build.0 = Release|x64
		{AA8FF1D8-4AE5-6C4B-A14B-735DCE043A7D}.Debug|Win32.ActiveCfg = Debug|Win32
		{AA8FF1D8-4AE5-6C4B-A14B-735DCE043A7D}.Debug|Win32.Build.0 = Debug|Win32
		{AA8FF1D8-4AE5-6C4B-A14B-735DCE043A7D}.Debug|x64.ActiveCfg = Debug|x64
		{AA8FF1D8-4AE5-6C4B-A14B-735DCE043A7D}.Debug|x64.Build.0 = Debug|x64
		{A139F941-B5F3-4041-9696-537A8340221F}.Release|Win32.ActiveCfg = Release|Win32
		{A139F941-B5F3-4041-9696-537A8340221F}.Release|Win32.Build.0 = Release|Win32
		{A139F941-B5F3-4041-9696-537A8340221F}.Release|x64.ActiveCfg = Release|x64
		{A139F941-B5F3-4041-9696-537A8340221F}.Release|x64.Build.0 = Release|x64
		{A139F941-B5F3-4041-9696-537A8340221F}.Debug|Win32.ActiveCfg = Debug|Win32
		{A139F941-B5F3-4041-9696-537A8340221F}.Debug|Win32.Build.0 = Debug|Win32
		{A139F941-B5F3-4041-9696-537A8340221F}.Debug|x64.ActiveCfg = Debug|x64
		{A139F941-B5F3-4041-9696-537A8340221F}.Debug|x64.Build.0 = Debug|x64
		{63CA615F-7486-974B-9CC3-10BE1A7BFD94}.Release|Win32.ActiveCfg = Release|Win32
		{63CA615F-7486-974B-9CC3-10BE1A7BFD94}.Release|Win32.Build.0 = Release|Win32
		{63CA615F-7486-974B-9CC3-10BE1A7BFD94}.Release|x64.ActiveCfg = Release|x64
		{63CA615F-7486-974B-9CC3-10BE1A7BFD94}.Release|x64.Build.0 = Release|x64
		{63CA615F-7486-974B-9CC3-10BE1A7BFD94}.Debug|Win32.ActiveCfg = Debug|Win32
		{63CA615F-7486-974B-9CC3-10BE1A7BFD94}.Debug|Win32.Build.0 = Debug|Win32
		{63CA615F-7486-974B-9CC3-10BE1A7BFD94}.Debug|x64.ActiveCfg = Debug|x64
		{63CA615F-7486-974B-9CC3-10BE1A7BFD94}.Debug|x64.Build.0 = Debug|x64
		{254E07BD-B5CC-3E49-9683-B0812912C24D}.Release|Win32.ActiveCfg = Release|Win32
		{254E07BD-B5CC-3E49-9683-B0812912C24D}.Release|Win32.Build.0 = Release|Win32
		{254E07BD-B5CC-3E49-9683-B0812912C24D}.Release|x64.ActiveCfg = Release|x64
		{254E07BD-B5CC-3E49-9683-B0812912C24D}.Release|x64.Build.0 = Release|x64
		{254E07BD-B5CC-3E49-9683-B0812912C24D}.Debug|Win32.ActiveCfg = Debug|Win32
		{254E07BD-B5CC-3E49-9683-B0812912C24D}.Debug|Win32.Build.0 = Debug|Win32
		{254E07BD-B5CC-3E49-9683-B0812912C24D}.Debug|x64.ActiveCfg = Debug|x64
		{254E07BD-B5CC-3E49-9683-B0812912C24D}.Debug|x64.Build.0 = Debug|x64
		{1CB6FDF0-F6AC-9B49-ADFE-B26D3C122817}.Release|Win32.ActiveCfg = Release|Win32
		{1CB6FDF0-F6AC-9B49-ADFE-B26D3C122817}.Release|Win32.Build.0 = Release|Win32
		{1CB6FDF0-F6AC-9B49-ADFE-B26D3C122817}.Release|x64.ActiveCfg = Release|x64
		{1CB6FDF0-F6AC-9B49-ADFE-B26D3C122817}.Release|x64.Build.0 = Release|x64
		{1CB6FDF0-F6AC-9B49-ADFE-B26D3C122817}.Debug|Win32.ActiveCfg = Debug|Win32
		{1CB6FDF0-F6AC-9B49-ADFE-B26D3C122817}.Debug|Win32.Build.0 = Debug|Win32
		{1CB6FDF0-F6AC-9B49-ADFE-B26D3C122817}.Debug|x64.ActiveCfg = Debug|x64
		{1CB6FDF0-F6AC-9B49-ADFE-B26D3C122817}.Debug|x64.Build.0 = Debug|x64
		{461B9C57-1140-044C-9779-C027AE3AD18E}.Release|Win32.ActiveCfg = Release|Win32
		{461B9C57-1140-044C-9779-C027AE3AD18E}.Release|Win32.Build.0 = Release|Win32
		{461B9C57-1140-044C-9779-C027AE3AD18E}.Release|x64.ActiveCfg = Release|x64
		{461B9C57-1140-044C-9779-C027AE3AD18E}.Release|x64.Build.0 = Release|x64
		{461B9C57-1140-044C-9779-C027AE3AD18E}.Debug|Win32.ActiveCfg = Debug|Win32
		{461B9C57-1140-044C-9779-C027AE3AD18E}.Debug|Win32.Build.0 = Debug|Win32
		{461B9C57-1140-044C-9779-C027AE3AD18E}.Debug|x64.ActiveCfg = Debug|x64
		{461B9C57-1140-044C-9779-C027AE3AD18E}.Debug|x64.Build.0 = Debug|x64
		{D4FAA415-762C-EB4A-96A4-BAD6E6CCE532}.Release|Win32.ActiveCfg = Release|Win32
		{D4FAA415-762C-EB4A-96A4-BAD6E6CCE532}.Release|Win32.Build.0 = Release|Win32
		{D4FAA415-762C-EB4A-96A4-BAD6E6CCE532}.Release|x64.ActiveCfg = Release|x64
		{D4FAA415-762C-EB4A-96A4-BAD6E6CCE532}.Release|x64.Build.0 = Release|x64
		{D4FAA415-762C-EB4A-96A4-BAD6E6CCE532}.Debug|Win32.ActiveCfg = Debug|Win32
		{D4FAA415-762C-EB4A-96A4-BAD6E6CCE532}.Debug|Win32.Build.0 = Debug|Win32
		{D4FAA415-762C-EB4A-96A4-BAD6E6CCE532}.Debug|x64.ActiveCfg = Debug|x64
		{D4FAA415-762C-EB4A-96A4-BAD6E6CCE532}.Debug|x64.Build.0 = Debug|x64
		{0982C6B3-EBF0-DC4F-B4E0-9E8E2E8186E1}.Release|Win32.ActiveCfg = Release|Win32
		{0982C6B3-EBF0-DC4F-B4E0-9E8E2E8186E1}.Release|Win32.Build.0 = Release|Win32
		{0982C6B3-EBF0-DC4F-B4E0-9E8E2E8186E1}.Release|x64.ActiveCfg = Release|x64
		{0982C6B3-EBF0-DC4F-B4E0-9E8E2E8186E1}.Release|x64.Build.0 = Release|x64
		{0982C6B3-EBF0-DC4F-B4E0-9E8E2E8186E1}.Debug|Win32.ActiveCfg = Debug|Win32
		{0982C6B3-EBF0-DC4F-B4E0-9E8E2E8186E1}.Debug|Win32.Build.0 = Debug|Win32
		{0982C6B3-EBF0-DC4F-B4E0-9E8E2E8186E1}.Debug|x64.ActiveCfg = Debug|x64
		{0982C6B3-EBF0-DC4F-B4E0-9E8E2E8186E1}.Debug|x64.Build.0 = Debug|x64
		{0CD626B3-C4B9-6946-BB5B-231E7B535ED6}.Release|Win32.ActiveCfg = Release|Win32
		{0CD626B3-C4B9-6946-BB5B-231E7B535ED6}.Release|Win32.Build.0 = Release|Win32
		{0CD626B3-C4B9-6946-BB5B-231E7B535ED6}.Release|x64.ActiveCfg = Release|x64
		{0CD626B3-C4B9-6946-BB5B-231E7B535ED6}.Release|x64.Build.0 = Release|x64
		{0CD626B3-C4B9-6946-BB5B-231E7B535ED6}.Debug|Win32.ActiveCfg = Debug|Win32
		{0CD626B3-C4B9-6946-BB5B-231E7B535ED6}.Debug|Win32.Build.0 = Debug|Win32
		{0CD626B3-C4B9-6946-BB5B-231E7B535ED6}.Debug|x64.ActiveCfg = Debug|x64
		{0CD626B3-C4B9-6946-BB5B-231E7B535ED6}.Debug|x64.Build.0 = Debug|x64
		{248C187C-7287-7A42-8B9E-468AE6F7ABAE}.Release|Win32.ActiveCfg = Release|Win32
		{248C187C-7287-7A42-8B9E-468AE6F7ABAE}.Release|Win32.Build.0 = Release|Win32
		{248C187C-7287-7A42-8B9E-468AE6F7ABAE}.Release|x64.ActiveCfg = Release|x64
		{248C187C-7287-7A42-8B9E-468AE6F7ABAE}.Release|x64.Build.0 = Release|x64
		{248C187C-7287-7A42-8B9E-468AE6F7ABAE}.Debug|Win32.ActiveCfg = Debug|Win32
		{248C187C-7287-7A42-8B9E-468AE6F7ABAE}.Debug|Win32.Build.0 = Debug|Win32
		{248C187C-7287-7A42-8B9E-468AE6F7ABAE}.Debug|x64.ActiveCfg = Debug|x64
		{248C187C-7287-7A42-8B9E-468AE6F7ABAE}.Debug|x64.Build.0 = Debug|x64
		{157EC97B-5DCC-0640-AE54-5135C81D9A38}.Release|Win32.ActiveCfg = Release|Win32
		{157EC97B-5DCC-0640-AE54-5135C81D9A38}.Release|Win32.Build.0 = Release|Win32
		{157EC97B-5DCC-0640-AE54-5135C81D9A38}.Release|x64.ActiveCfg = Release|x64
		{157EC97B-5DCC-0640-AE54-5135C81D9A38}.Release|x64.Build.0 = Release|x64
		{157EC97B-5DCC-0640-AE54-5135C81D9A38}.Debug|Win32.ActiveCfg = Debug|Win32
		{157EC97B-5DCC-0640-AE54-5135C81D9A38}.Debug|Win32.Build.0 = Debug|Win32
		{157EC97B-5DCC-0640-AE54-5135C81D9A38}.Debug|x64.ActiveCfg = Debug|x64
		{157EC97B-5DCC-0640-AE54-5135C81D9A38}.Debug|x64.Build.0 = Debug|x64
		{B97C9B7A-932C-0146-84AC-0761CCA3B596}.Release|Win32.ActiveCfg = Release|Win32
		{B97C9B7A-932C-0146-84AC-0761CCA3B596}.Release|Win32.Build.0 = Release|Win32
		{B97C9B7A-932C-0146-84AC-0761CCA3B596}.Release|x64.ActiveCfg = Release|x64
		{B97C9B7A-932C-0146-84AC-0761CCA3B596}.Release|x64.Build.0 = Release|x64
		{B97C9B7A-932C-0146-84AC-0761CCA3B596}.Debug|Win32.ActiveCfg = Debug|Win32
		{B97C9B7A-932C-0146-84AC-0761CCA3B596}.Debug|Win32.Build.0 = Debug|Win32
		{B97C9B7A-932C-0146-84AC-0761CCA3B596}.Debug|x64.ActiveCfg = Debug|x64
		{B97C9B7A-932C-0146-84AC-0761CCA3B596}.Debug|x64.Build.0 = Debug|x64
		{C875B888-9726-9840-B541-225DF8487507}.Release|Win32.ActiveCfg = Release|Win32
		{C875B888-9726-9840-B541-225DF8487507}.Release|Win32.Build.0 = Release|Win32
		{C875B888-9726-9840-B541-225DF8487507}.Release|x64.ActiveCfg = Release|x64
		{C875B888-9726-9840-B541-225DF8487507}.Release|x64.Build.0 = Release|x64
		{C875B888-9726-9840-B541-225DF8487507}.Debug|Win32.ActiveCfg = Debug|Win32
		{C875B888-9726-9840-B541-225DF8487507}.Debug|Win32.Build.0 = Debug|Win32
		{C875B888-9726-9840-B541-225DF8487507}.Debug|x64.ActiveCfg = Debug|x64
		{C875B888-9726-9840-B541-225DF8487507}.Debug|x64.Build.0 = Debug|x64
		{75605399-D65E-A041-9598-448B36A95226}.Release|Win32.ActiveCfg = Release|Win32
		{75605399-D65E-A041-9598-448B36A95226}.Release|Win32.Build.0 = Release|Win32
		{75605399-D65E-A041-9598-448B36A95226}.Release|x64.ActiveCfg = Release|x64
		{75605399-D65E-A041-9598-448B36A95226}.Release|x64.Build.0 = Release|x64
		{75605399-D65E-A041-9598-448B36A95226}.Debug|Win32.ActiveCfg = Debug|Win32
		{75605399-D65E-A041-9598-448B36A95226}.Debug|Win32.Build.0 = Debug|Win32
		{75605399-D65E-A041-9598-448B36A95226}.Debug|x64.ActiveCfg = Debug|x64
		{75605399-D65E-A041-9598-448B36A95226}.Debug|x64.Build.0 = Debug|x64
		{7062A06A-7EE8-6A48-85D5-7B20F7117F8E}.Release|Win32.ActiveCfg = Release|Win32
		{7062A06A-7EE8-6A48-85D5-7B20F7117F8E}.Release|Win32.Build.0 = Release|Win32
		{7062A06A-7EE8-6A48-85D5-7B20F7117F8E}.Release|x64.ActiveCfg = Release|x64
		{7062A06A-7EE8-6A48-85D5-7B20F7117F8E}.Release|x64.Build.0 = Release|x64
		{7062A06A-7EE8-6A48-85D5-7B20F7117F8E}.Debug|Win32.ActiveCfg = Debug|Win32
		{7062A06A-7EE8-6A48-85D5-7B20F7117F8E}.Debug|Win32.Build.0 = Debug|Win32
		{7062A06A-7EE8-6A48-85D5-7B20F7117F8E}.Debug|x64.ActiveCfg = Debug|x64
		{7062A06A-7EE8-6A48-85D5-7B20F7117F8E}.Debug|x64.Build.0 = Debug|x64
		{5CD017E6-85B8-CE48-AF51-02E8D36B06A0}.Release|Win32.ActiveCfg = Release|Win32
		{5CD017E6-85B8-CE48-AF51-02E8D36B06A0}.Release|Win32.Build.0 = Release|Win32
		{5CD017E6-85B8-CE48-AF51-02E8D36B06A0}.Release|x64.ActiveCfg = Release|x64
		{5CD017E6-85B8-CE48-AF51-02E8D36B06A0}.Release|x64.Build.0 = Release|x64
		{5CD017E6-85B8-CE48-AF51-02E8D36B06A0}.Debug|Win32.ActiveCfg = Debug|Win32
		{5CD017E6-85B8-CE48-AF51-02E8D36B06A0}.Debug|Win32.Build.0 = Debug|Win32
		{5CD017E6-85B8-CE48-AF51-02E8D36B06A0}.Debug|x64.ActiveCfg = Debug|x64
		{5CD017E6-85B8-CE48-AF51-02E8D36B06A0}.Debug|x64.Build.0 = Debug|x64
		{10B35BD1-DF1B-354F-97A0-EFED3C946B51}.Release|Win32.ActiveCfg = Release|Win32
		{10B35BD1-DF1B-354F-97A0-EFED3C946B51}.Release|Win32.Build.0 = Release|Win32
		{10B35BD1-DF1B-354F-97A0-EFED3C946B51}.Release|x64.ActiveCfg = Release|x64
		{10B35BD1-DF1B-354F-97A0-EFED3C946B51}.Release|x64.Build.0 = Release|x64
		{10B35BD1-DF1B-354F-97A0-EFED3C946B51}.Debug|Win32.ActiveCfg = Debug|Win32
		{10B35BD1-DF1B-354F-97A0-EFED3C946B51}.Debug|Win32.Build.0 = Debug|Win32
		{10B35BD1-DF1B-354F-97A0-EFED3C946B51}.Debug|x64.ActiveCfg = Debug|x64
		{10B35BD1-DF1B-354F-97A0-EFED3C946B51}.Debug|x64.Build.0 = Debug|x64
		{53A84080-BCE2-6E45-8FF5-42B825B58C03}.Release|Win32.ActiveCfg = Release|Win32
		{53A84080-BCE2-6E45-8FF5-42B825B58C03}.Release|Win32.Build.0 = Release|Win32
		{53A84080-BCE2-6E45-8FF5-42B825B58C03}.Release|x64.ActiveCfg = Release|x64
		{53A84080-BCE2-6E45-8FF5-42B825B58C03}.Release|x64.Build.0 = Release|x64
		{53A84080-BCE2-6E45-8FF5-42B825B58C03}.Debug|Win32.ActiveCfg = Debug|Win32
		{53A84080-BCE2-6E45-8FF5-42B825B58C03}.Debug|Win32.Build.0 = Debug|Win32
		{53A84080-BCE2-6E45-8FF5-42B825B58C03}.Debug|x64.ActiveCfg = Debug|x64
		{53A84080-BCE2-6E45-8FF5-42B825B58C03}.Debug|x64.Build.0 = Debug|x64
		{29622675-4F24-3F4C-9BEB-19862F9DADB6}.Release|Win32.ActiveCfg = Release|Win32
		{29622675-4F24-3F4C-9BEB-19862F9DADB6}.Release|Win32.Build.0 = Release|Win32
		{29622675-4F24-3F4C-9BEB-19862F9DADB6}.Release|x64.ActiveCfg = Release|x64
		{29622675-4F24-3F4C-9BEB-19862F9DADB6}.Release|x64.Build.0 = Release|x64
		{29622675-4F24-3F4C-9BEB-19862F9DADB6}.Debug|Win32.ActiveCfg = Debug|Win32
		{29622675-4F24-3F4C-9BEB-19862F9DADB6}.Debug|Win32.Build.0 = Debug|Win32
		{29622675-4F24-3F4C-9BEB-19862F9DADB6}.Debug|x64.ActiveCfg = Debug|x64
		{29622675-4F24-3F4C-9BEB-19862F9DADB6}.Debug|x64.Build.0 = Debug|x64
		{5C9498DA-1A57-E741-B2CB-C23448126C38}.Release|Win32.ActiveCfg = Release|Win32
		{5C9498DA-1A57-E741-B2CB-C23448126C38}.Release|Win32.Build.0 = Release|Win32
		{5C9498DA-1A57-E741-B2CB-C23448126C38}.Release|x64.ActiveCfg = Release|x64
		{5C9498DA-1A57-E741-B2CB-C23448126C38}.Release|x64.Build.0 = Release|x64
		{5C9498DA-1A57-E741-B2CB-C23448126C38}.Debug|Win32.ActiveCfg = Debug|Win32
		{5C9498DA-1A57-E741-B2CB-C23448126C38}.Debug|Win32.Build.0 = Debug|Win32
		{5C9498DA-1A57-E741-B2CB-C23448126C38}.Debug|x64.ActiveCfg = Debug|x64
		{5C9498DA-1A57-E741-B2CB-C23448126C38}.Debug|x64.Build.0 = Debug|x64
		{3FA20645-4207-6C4B-8F21-AC65C6769C24}.Release|Win32.ActiveCfg = Release|Win32
		{3FA20645-4207-6C4B-8F21-AC65C6769C24}.Release|Win32.Build.0 = Release|Win32
		{3FA20645-4207-6C4B-8F21-AC65C6769C24}.Release|x64.ActiveCfg = Release|x64
		{3FA20645-4207-6C4B-8F21-AC65C6769C24}.Release|x64.Build.0 = Release|x64
		{3FA20645-4207-6C4B-8F21-AC65C6769C24}.Debug|Win32.ActiveCfg = Debug|Win32
		{3FA20645-4207-6C4B-8F21-AC65C6769C24}.Debug|Win32.Build.0 = Debug|Win32
		{3FA20645-4207-6C4B-8F21-AC65C6769C24}.Debug|x64.ActiveCfg = Debug|x64
		{3FA20645-4207-6C4B-8F21-AC65C6769C24}.Debug|x64.Build.0 = Debug|x64
		{D830D22D-88DD-B64B-8C21-FAF7A496968D}.Release|Win32.ActiveCfg = Release|Win32
		{D830D22D-88DD-B64B-8C21-FAF7A496968D}.Release|Win32.Build.0 = Release|Win32
		{D830D22D-88DD-B64B-8C21-FAF7A496968D}.Release|x64.ActiveCfg = Release|x64
		{D830D22D-88DD-B64B-8C21-FAF7A496968D}.Release|x64.Build.0 = Release|x64
		{D830D22D-88DD-B64B-8C21-FAF7A496968D}.Debug|Win32.ActiveCfg = Debug|Win32
		{D830D22D-88DD-B64B-8C21-FAF7A496968D}.Debug|Win32.Build.0 = Debug|Win32
		{D830D22D-88DD-B64B-8C21-FAF7A496968D}.Debug|x64.ActiveCfg = Debug|x64
		{D830D22D-88DD-B64B-8C21-FAF7A496968D}.Debug|x64.Build.0 = Debug|x64
		{DB2A7438-0236-9842-84D4-1A9A9730240B}.Release|Win32.ActiveCfg = Release|Win32
		{DB2A7438-0236-9842-84D4-1A9A9730240B}.Release|Win32.Build.0 = Release|Win32
		{DB2A7438-0236-9842-84D4-1A9A9730240B}.Release|x64.ActiveCfg = Release|x64
		{DB2A7438-0236-9842-84D4-1A9A9730240B}.Release|x64.Build.0 = Release|x64
		{DB2A7438-0236-9842-84D4-1A9A9730240B}.Debug|Win32.ActiveCfg = Debug|Win32
		{DB2A7438-0236-9842-84D4-1A9A9730240B}.Debug|Win32.Build.0 = Debug|Win32
		{DB2A7438-0236-9842-84D4-1A9A9730240B}.Debug|x64.ActiveCfg = Debug|x64
		{DB2A7438-0236-9842-84D4-1A9A9730240B}.Debug|x64.Build.0 = Debug|x64
		{53ABEF4A-8CF8-EA43-9094-DB0522C4D8EB}.Release|Win32.ActiveCfg = Release|Win32
		{53ABEF4A-8CF8-EA43-9094-DB0522C4D8EB}.Release|Win32.Build.0 = Release|Win32
		{53ABEF4A-8CF8-EA43-9094-DB0522C4D8EB}.Release|x64.ActiveCfg = Release|x64
		{53ABEF4A-8CF8-EA43-9094-DB0522C4D8EB}.Release|x64.Build.0 = Release|x64
		{53ABEF4A-8CF8-EA43-9094-DB0522C4D8EB}.Debug|Win32.ActiveCfg = Debug|Win32
		{53ABEF4A-8CF8-EA43-9094-DB0522C4D8EB}.Debug|Win32.Build.0 = Debug|Win32
		{53ABEF4A-8CF8-EA43-9094-DB0522C4D8EB}.Debug|x64.ActiveCfg = Debug|x64
		{53ABEF4A-8CF8-EA43-9094-DB0522C4D8EB}.Debug|x64.Build.0 = Debug|x64
	EndGlobalSection
	GlobalSection(SolutionProperties) = preSolution
		HideSolutionNode = FALSE
	EndGlobalSection
EndGlobal
