<?xml version="1.0" encoding="utf-8"?>
<Project ToolsVersion="4.0" xmlns="http://schemas.microsoft.com/developer/msbuild/2003">
  <ItemGroup>
    <Filter Include="examples">
      <UniqueIdentifier>{DFB21501-A497-CD4C-902C-35EBD108BFB6}</UniqueIdentifier>
    </Filter>
    <Filter Include="examples\HelloWorld">
      <UniqueIdentifier>{CD2DDF73-F4C5-AA4E-8EC8-5D7D44955883}</UniqueIdentifier>
    </Filter>
  </ItemGroup>
  <ItemGroup>
    <ClCompile Include="..\..\examples\HelloWorld\HelloWorld.cpp">
      <Filter>examples\HelloWorld</Filter>
    </ClCompile>
  </ItemGroup>
</Project>
