<?xml version="1.0" encoding="utf-8"?>
<Project ToolsVersion="4.0" xmlns="http://schemas.microsoft.com/developer/msbuild/2003">
  <ItemGroup>
    <Filter Include="src">
      <UniqueIdentifier>{BEB75647-EDC4-484F-8B62-AAC829BA8FB2}</UniqueIdentifier>
    </Filter>
    <Filter Include="src\clew">
      <UniqueIdentifier>{4454C5E0-619A-FE4B-B6BF-87FFF5FA1D66}</UniqueIdentifier>
    </Filter>
    <Filter Include="examples">
      <UniqueIdentifier>{CE338268-4810-CD40-BA19-CEFE36080EE0}</UniqueIdentifier>
    </Filter>
    <Filter Include="examples\ThirdPartyLibs">
      <UniqueIdentifier>{AAD26ECC-0F17-F145-B9C8-33272EF66F4A}</UniqueIdentifier>
    </Filter>
    <Filter Include="examples\ThirdPartyLibs\Glew">
      <UniqueIdentifier>{C4B05B74-2432-AA47-A255-F46D780C58E5}</UniqueIdentifier>
    </Filter>
    <Filter Include="examples\ExampleBrowser">
      <UniqueIdentifier>{181C409E-2DF3-C943-8F6B-9E5F4729E14C}</UniqueIdentifier>
    </Filter>
    <Filter Include="examples\ExampleBrowser\GwenGUISupport">
      <UniqueIdentifier>{D2CB0375-A313-4D4D-A67C-96F4A876DD5F}</UniqueIdentifier>
    </Filter>
    <Filter Include="examples\SharedMemory">
      <UniqueIdentifier>{BAA11193-FEC9-CA48-9372-6F9C0FFF77B7}</UniqueIdentifier>
    </Filter>
    <Filter Include="examples\MultiThreading">
      <UniqueIdentifier>{AB57ECF0-0FBA-9C41-98D0-40855D1DE664}</UniqueIdentifier>
    </Filter>
    <Filter Include="examples\InverseDynamics">
      <UniqueIdentifier>{FFAA4203-EFA0-D64B-BCDA-E98BD33AE677}</UniqueIdentifier>
    </Filter>
    <Filter Include="examples\BasicDemo">
      <UniqueIdentifier>{8415C318-11DA-204E-B111-675D029608B2}</UniqueIdentifier>
    </Filter>
    <Filter Include="examples\Tutorial">
      <UniqueIdentifier>{02461048-D942-BC45-A1D7-FBE9F5B429E6}</UniqueIdentifier>
    </Filter>
    <Filter Include="examples\Collision">
      <UniqueIdentifier>{2F65EA82-FA48-934F-B04B-82DD3D72E8EE}</UniqueIdentifier>
    </Filter>
    <Filter Include="examples\Collision\Internal">
      <UniqueIdentifier>{4FCD3FF7-5B6C-4D4B-8089-BEA3B6FF60CD}</UniqueIdentifier>
    </Filter>
    <Filter Include="examples\Benchmarks">
      <UniqueIdentifier>{09C894FE-6733-5842-973A-CD05AF0572F3}</UniqueIdentifier>
    </Filter>
    <Filter Include="examples\CommonInterfaces">
      <UniqueIdentifier>{DE9FB637-64D7-C04A-B9AB-620E7FA7D0F0}</UniqueIdentifier>
    </Filter>
    <Filter Include="examples\ForkLift">
      <UniqueIdentifier>{ADB284FE-1456-0747-BE31-9588AC3A2B95}</UniqueIdentifier>
    </Filter>
    <Filter Include="examples\Importers">
      <UniqueIdentifier>{BB7D1EE6-AEFB-F94D-90C0-83E07FEFEFFD}</UniqueIdentifier>
    </Filter>
    <Filter Include="examples\Importers\ImportBsp">
      <UniqueIdentifier>{634F5C04-3162-9149-AFE2-17A1C327776E}</UniqueIdentifier>
    </Filter>
    <Filter Include="examples\Importers\ImportBullet">
      <UniqueIdentifier>{16214A79-65B5-9342-85B6-5BBAF4A1BAC1}</UniqueIdentifier>
    </Filter>
    <Filter Include="examples\Importers\ImportColladaDemo">
      <UniqueIdentifier>{D94A5237-2341-1743-B416-690A22BA23E6}</UniqueIdentifier>
    </Filter>
    <Filter Include="examples\Importers\ImportObjDemo">
      <UniqueIdentifier>{16C3EE49-DF0C-D14E-810C-42DD0B900811}</UniqueIdentifier>
    </Filter>
    <Filter Include="examples\Importers\ImportSTLDemo">
      <UniqueIdentifier>{00E1B5DF-3A43-1042-8A0F-67316B82A40E}</UniqueIdentifier>
    </Filter>
    <Filter Include="examples\Importers\ImportURDFDemo">
      <UniqueIdentifier>{AD865F57-31F5-C64C-905D-ABB96E96DBFF}</UniqueIdentifier>
    </Filter>
    <Filter Include="Extras">
      <UniqueIdentifier>{3C0786F6-113C-754F-ACDA-3D76A28426B8}</UniqueIdentifier>
    </Filter>
    <Filter Include="Extras\Serialize">
      <UniqueIdentifier>{BE7607B9-ECA1-EE43-8156-C9EB19306420}</UniqueIdentifier>
    </Filter>
    <Filter Include="Extras\Serialize\BulletWorldImporter">
      <UniqueIdentifier>{0E7FF6F0-C0E2-1D4A-9569-78BFA0F21A8E}</UniqueIdentifier>
    </Filter>
    <Filter Include="Extras\Serialize\BulletFileLoader">
      <UniqueIdentifier>{0EBBF23C-982B-8E4C-833B-43DD5B5074A3}</UniqueIdentifier>
    </Filter>
    <Filter Include="examples\Planar2D">
      <UniqueIdentifier>{65389EB1-9B4E-6A48-BA0D-92161AABE70A}</UniqueIdentifier>
    </Filter>
    <Filter Include="examples\RenderingExamples">
      <UniqueIdentifier>{4E6D95EC-980E-FD49-83CA-BBC9D4F7E518}</UniqueIdentifier>
    </Filter>
    <Filter Include="examples\VoronoiFracture">
      <UniqueIdentifier>{6B433B0E-DF66-234E-BCD9-8E8894314215}</UniqueIdentifier>
    </Filter>
    <Filter Include="examples\SoftDemo">
      <UniqueIdentifier>{B4BC3F1B-BFA7-6E47-9755-2ED185EE0B17}</UniqueIdentifier>
    </Filter>
    <Filter Include="examples\RollingFrictionDemo">
      <UniqueIdentifier>{8C79F891-1D9B-224A-AD4C-DAB267101111}</UniqueIdentifier>
    </Filter>
    <Filter Include="examples\FractureDemo">
      <UniqueIdentifier>{0A4E3AAF-7169-D24C-BBDB-208723CFCD33}</UniqueIdentifier>
    </Filter>
    <Filter Include="examples\DynamicControlDemo">
      <UniqueIdentifier>{718C6E3B-58A1-3643-910C-9F12ECAF6215}</UniqueIdentifier>
    </Filter>
    <Filter Include="examples\Constraints">
      <UniqueIdentifier>{93397728-1C19-9349-8A97-CDFB5A0F79F3}</UniqueIdentifier>
    </Filter>
    <Filter Include="examples\Vehicles">
      <UniqueIdentifier>{E8B5338C-AFDB-C74B-A2E3-50B0EA65022F}</UniqueIdentifier>
    </Filter>
    <Filter Include="examples\Raycast">
      <UniqueIdentifier>{8F470010-78AA-9149-A239-ACB9544E0759}</UniqueIdentifier>
    </Filter>
    <Filter Include="examples\MultiBody">
      <UniqueIdentifier>{532C7BF1-78AE-2A40-99F0-A058EF267FE4}</UniqueIdentifier>
    </Filter>
    <Filter Include="examples\ThirdPartyLibs\stb_image">
      <UniqueIdentifier>{508EAB9E-C877-BA41-BB5A-31E2C1D0E2BD}</UniqueIdentifier>
    </Filter>
    <Filter Include="examples\ThirdPartyLibs\Wavefront">
      <UniqueIdentifier>{3DE94F04-830F-F84A-A0E5-67B03AF98B6B}</UniqueIdentifier>
    </Filter>
    <Filter Include="examples\ThirdPartyLibs\tinyxml">
      <UniqueIdentifier>{68EAE09D-0DCE-E043-9CF0-CC9C3CD10C84}</UniqueIdentifier>
    </Filter>
    <Filter Include="examples\Utils">
      <UniqueIdentifier>{D4ABC1A3-039B-074F-BA89-862EA6C9FC71}</UniqueIdentifier>
    </Filter>
    <Filter Include="examples\GyroscopicDemo">
      <UniqueIdentifier>{EEA185FA-AAD0-D540-8BEA-0538F158D726}</UniqueIdentifier>
    </Filter>
    <Filter Include="examples\ThirdPartyLibs\urdf">
      <UniqueIdentifier>{CBA0E684-3FEA-1F4A-8488-BE422C52B037}</UniqueIdentifier>
    </Filter>
    <Filter Include="examples\ThirdPartyLibs\urdf\urdfdom">
      <UniqueIdentifier>{467C49B6-8EB5-254C-97DA-7D82FEE9E24A}</UniqueIdentifier>
    </Filter>
    <Filter Include="examples\ThirdPartyLibs\urdf\urdfdom\urdf_parser">
      <UniqueIdentifier>{D594C490-500B-7343-B047-B28A3C64BED4}</UniqueIdentifier>
    </Filter>
    <Filter Include="examples\ThirdPartyLibs\urdf\urdfdom\urdf_parser\src">
      <UniqueIdentifier>{091C8F99-4E5D-1D4C-B350-F8D679DA4FB7}</UniqueIdentifier>
    </Filter>
    <Filter Include="examples\ThirdPartyLibs\urdf\urdfdom\urdf_parser\include">
      <UniqueIdentifier>{7F4EDFB6-C91C-E442-A21B-BBE0B332B432}</UniqueIdentifier>
    </Filter>
    <Filter Include="examples\ThirdPartyLibs\urdf\urdfdom\urdf_parser\include\urdf_parser">
      <UniqueIdentifier>{FF6F44D3-B624-C842-8542-245C3AD78E83}</UniqueIdentifier>
    </Filter>
    <Filter Include="examples\ThirdPartyLibs\urdf\urdfdom_headers">
      <UniqueIdentifier>{4C36740D-9A49-B64D-B083-D406382B8DB3}</UniqueIdentifier>
    </Filter>
    <Filter Include="examples\ThirdPartyLibs\urdf\urdfdom_headers\urdf_exception">
      <UniqueIdentifier>{0A55D5AC-AEF0-1146-B582-D6A684EA02AF}</UniqueIdentifier>
    </Filter>
    <Filter Include="examples\ThirdPartyLibs\urdf\urdfdom_headers\urdf_exception\include">
      <UniqueIdentifier>{1A5D5779-C5CB-0C44-949E-4332C9D60535}</UniqueIdentifier>
    </Filter>
    <Filter Include="examples\ThirdPartyLibs\urdf\urdfdom_headers\urdf_exception\include\urdf_exception">
      <UniqueIdentifier>{8E7F949A-63DB-D049-8A8A-46A849048C24}</UniqueIdentifier>
    </Filter>
    <Filter Include="examples\ThirdPartyLibs\urdf\urdfdom_headers\urdf_model">
      <UniqueIdentifier>{A8BED583-717F-F147-AD46-0672BC564FD2}</UniqueIdentifier>
    </Filter>
    <Filter Include="examples\ThirdPartyLibs\urdf\urdfdom_headers\urdf_model\include">
      <UniqueIdentifier>{AEA28D55-FB50-1E4A-8991-3D8E7BA474B4}</UniqueIdentifier>
    </Filter>
    <Filter Include="examples\ThirdPartyLibs\urdf\urdfdom_headers\urdf_model\include\urdf_model">
      <UniqueIdentifier>{FD639357-6376-1E44-AB81-4D7627A547AB}</UniqueIdentifier>
    </Filter>
    <Filter Include="examples\ThirdPartyLibs\urdf\boost_replacement">
      <UniqueIdentifier>{4848FBC3-DE4E-854E-BC9C-968068486273}</UniqueIdentifier>
    </Filter>
    <Filter Include="examples\OpenCL">
      <UniqueIdentifier>{895523F5-C8F0-FC49-8069-69831CF4D20E}</UniqueIdentifier>
    </Filter>
    <Filter Include="examples\OpenCL\broadphase">
      <UniqueIdentifier>{9EA5DA02-AC95-8D4C-9798-B400584E3076}</UniqueIdentifier>
    </Filter>
    <Filter Include="examples\OpenCL\CommonOpenCL">
      <UniqueIdentifier>{7AFB8EBE-C6A3-CA4C-A2F6-C71E763D108C}</UniqueIdentifier>
    </Filter>
    <Filter Include="examples\OpenCL\rigidbody">
      <UniqueIdentifier>{1B604242-797A-904C-B229-03EF3219D890}</UniqueIdentifier>
    </Filter>
  </ItemGroup>
  <ItemGroup>
    <None Include="..\..\Extras\Serialize\BulletWorldImporter\CMakeLists.txt">
      <Filter>Extras\Serialize\BulletWorldImporter</Filter>
    </None>
    <None Include="..\..\Extras\Serialize\BulletWorldImporter\premake4.lua">
      <Filter>Extras\Serialize\BulletWorldImporter</Filter>
    </None>
    <None Include="..\..\Extras\Serialize\BulletFileLoader\CMakeLists.txt">
      <Filter>Extras\Serialize\BulletFileLoader</Filter>
    </None>
    <None Include="..\..\Extras\Serialize\BulletFileLoader\premake4.lua">
      <Filter>Extras\Serialize\BulletFileLoader</Filter>
    </None>
    <None Include="..\..\examples\SoftDemo\bunny.inl">
      <Filter>examples\SoftDemo</Filter>
    </None>
    <None Include="..\..\examples\SoftDemo\cube.inl">
      <Filter>examples\SoftDemo</Filter>
    </None>
    <None Include="..\..\examples\OpenCL\broadphase\pairsKernel.cl">
      <Filter>examples\OpenCL\broadphase</Filter>
    </None>
  </ItemGroup>
  <ItemGroup>
    <ClInclude Include="..\..\src\clew\clew.h">
      <Filter>src\clew</Filter>
    </ClInclude>
    <ClInclude Include="..\..\examples\ExampleBrowser\EmptyBrowser.h">
      <Filter>examples\ExampleBrowser</Filter>
    </ClInclude>
    <ClInclude Include="..\..\examples\ExampleBrowser\EmptyExample.h">
      <Filter>examples\ExampleBrowser</Filter>
    </ClInclude>
    <ClInclude Include="..\..\examples\ExampleBrowser\ExampleBrowserInterface.h">
      <Filter>examples\ExampleBrowser</Filter>
    </ClInclude>
    <ClInclude Include="..\..\examples\ExampleBrowser\ExampleEntries.h">
      <Filter>examples\ExampleBrowser</Filter>
    </ClInclude>
    <ClInclude Include="..\..\examples\ExampleBrowser\GL_ShapeDrawer.h">
      <Filter>examples\ExampleBrowser</Filter>
    </ClInclude>
    <ClInclude Include="..\..\examples\ExampleBrowser\OpenGLExampleBrowser.h">
      <Filter>examples\ExampleBrowser</Filter>
    </ClInclude>
    <ClInclude Include="..\..\examples\ExampleBrowser\OpenGLGuiHelper.h">
      <Filter>examples\ExampleBrowser</Filter>
    </ClInclude>
    <ClInclude Include="..\..\examples\ExampleBrowser\GwenGUISupport\GraphingTexture.h">
      <Filter>examples\ExampleBrowser\GwenGUISupport</Filter>
    </ClInclude>
    <ClInclude Include="..\..\examples\ExampleBrowser\GwenGUISupport\gwenInternalData.h">
      <Filter>examples\ExampleBrowser\GwenGUISupport</Filter>
    </ClInclude>
    <ClInclude Include="..\..\examples\ExampleBrowser\GwenGUISupport\GwenParameterInterface.h">
      <Filter>examples\ExampleBrowser\GwenGUISupport</Filter>
    </ClInclude>
    <ClInclude Include="..\..\examples\ExampleBrowser\GwenGUISupport\GwenProfileWindow.h">
      <Filter>examples\ExampleBrowser\GwenGUISupport</Filter>
    </ClInclude>
    <ClInclude Include="..\..\examples\ExampleBrowser\GwenGUISupport\GwenTextureWindow.h">
      <Filter>examples\ExampleBrowser\GwenGUISupport</Filter>
    </ClInclude>
    <ClInclude Include="..\..\examples\ExampleBrowser\GwenGUISupport\gwenUserInterface.h">
      <Filter>examples\ExampleBrowser\GwenGUISupport</Filter>
    </ClInclude>
    <ClInclude Include="..\..\examples\SharedMemory\PhysicsClientC_API.h">
      <Filter>examples\SharedMemory</Filter>
    </ClInclude>
    <ClInclude Include="..\..\examples\SharedMemory\PhysicsDirect.h">
      <Filter>examples\SharedMemory</Filter>
    </ClInclude>
    <ClInclude Include="..\..\examples\SharedMemory\PhysicsDirectC_API.h">
      <Filter>examples\SharedMemory</Filter>
    </ClInclude>
    <ClInclude Include="..\..\examples\SharedMemory\PhysicsLoopBack.h">
      <Filter>examples\SharedMemory</Filter>
    </ClInclude>
    <ClInclude Include="..\..\examples\SharedMemory\PhysicsLoopBackC_API.h">
      <Filter>examples\SharedMemory</Filter>
    </ClInclude>
    <ClInclude Include="..\..\examples\SharedMemory\PhysicsServerCommandProcessor.h">
      <Filter>examples\SharedMemory</Filter>
    </ClInclude>
    <ClInclude Include="..\..\examples\InverseDynamics\InverseDynamicsExample.h">
      <Filter>examples\InverseDynamics</Filter>
    </ClInclude>
    <ClInclude Include="..\..\examples\BasicDemo\BasicExample.h">
      <Filter>examples\BasicDemo</Filter>
    </ClInclude>
    <ClInclude Include="..\..\examples\Tutorial\Dof6ConstraintTutorial.h">
      <Filter>examples\Tutorial</Filter>
    </ClInclude>
    <ClInclude Include="..\..\examples\Tutorial\Tutorial.h">
      <Filter>examples\Tutorial</Filter>
    </ClInclude>
    <ClInclude Include="..\..\examples\Collision\CollisionSdkC_Api.h">
      <Filter>examples\Collision</Filter>
    </ClInclude>
    <ClInclude Include="..\..\examples\Collision\CollisionTutorialBullet2.h">
      <Filter>examples\Collision</Filter>
    </ClInclude>
    <ClInclude Include="..\..\examples\Collision\Internal\Bullet2CollisionSdk.h">
      <Filter>examples\Collision\Internal</Filter>
    </ClInclude>
    <ClInclude Include="..\..\examples\Collision\Internal\CollisionSdkInterface.h">
      <Filter>examples\Collision\Internal</Filter>
    </ClInclude>
    <ClInclude Include="..\..\examples\Collision\Internal\RealTimeBullet3CollisionSdk.h">
      <Filter>examples\Collision\Internal</Filter>
    </ClInclude>
    <ClInclude Include="..\..\examples\Benchmarks\BenchmarkDemo.h">
      <Filter>examples\Benchmarks</Filter>
    </ClInclude>
    <ClInclude Include="..\..\examples\Benchmarks\landscapeData.h">
      <Filter>examples\Benchmarks</Filter>
    </ClInclude>
    <ClInclude Include="..\..\examples\Benchmarks\TaruData.h">
      <Filter>examples\Benchmarks</Filter>
    </ClInclude>
    <ClInclude Include="..\..\examples\CommonInterfaces\Common2dCanvasInterface.h">
      <Filter>examples\CommonInterfaces</Filter>
    </ClInclude>
    <ClInclude Include="..\..\examples\CommonInterfaces\CommonCameraInterface.h">
      <Filter>examples\CommonInterfaces</Filter>
    </ClInclude>
    <ClInclude Include="..\..\examples\CommonInterfaces\CommonExampleInterface.h">
      <Filter>examples\CommonInterfaces</Filter>
    </ClInclude>
    <ClInclude Include="..\..\examples\CommonInterfaces\CommonGraphicsAppInterface.h">
      <Filter>examples\CommonInterfaces</Filter>
    </ClInclude>
    <ClInclude Include="..\..\examples\CommonInterfaces\CommonGUIHelperInterface.h">
      <Filter>examples\CommonInterfaces</Filter>
    </ClInclude>
    <ClInclude Include="..\..\examples\CommonInterfaces\CommonMultiBodyBase.h">
      <Filter>examples\CommonInterfaces</Filter>
    </ClInclude>
    <ClInclude Include="..\..\examples\CommonInterfaces\CommonParameterInterface.h">
      <Filter>examples\CommonInterfaces</Filter>
    </ClInclude>
    <ClInclude Include="..\..\examples\CommonInterfaces\CommonRenderInterface.h">
      <Filter>examples\CommonInterfaces</Filter>
    </ClInclude>
    <ClInclude Include="..\..\examples\CommonInterfaces\CommonRigidBodyBase.h">
      <Filter>examples\CommonInterfaces</Filter>
    </ClInclude>
    <ClInclude Include="..\..\examples\CommonInterfaces\CommonWindowInterface.h">
      <Filter>examples\CommonInterfaces</Filter>
    </ClInclude>
    <ClInclude Include="..\..\examples\ForkLift\ForkLiftDemo.h">
      <Filter>examples\ForkLift</Filter>
    </ClInclude>
    <ClInclude Include="..\..\examples\Importers\ImportBsp\BspConverter.h">
      <Filter>examples\Importers\ImportBsp</Filter>
    </ClInclude>
    <ClInclude Include="..\..\examples\Importers\ImportBsp\BspLoader.h">
      <Filter>examples\Importers\ImportBsp</Filter>
    </ClInclude>
    <ClInclude Include="..\..\examples\Importers\ImportBsp\ImportBspExample.h">
      <Filter>examples\Importers\ImportBsp</Filter>
    </ClInclude>
    <ClInclude Include="..\..\examples\Importers\ImportBullet\SerializeSetup.h">
      <Filter>examples\Importers\ImportBullet</Filter>
    </ClInclude>
    <ClInclude Include="..\..\examples\Importers\ImportColladaDemo\btMatrix4x4.h">
      <Filter>examples\Importers\ImportColladaDemo</Filter>
    </ClInclude>
    <ClInclude Include="..\..\examples\Importers\ImportColladaDemo\ColladaGraphicsInstance.h">
      <Filter>examples\Importers\ImportColladaDemo</Filter>
    </ClInclude>
    <ClInclude Include="..\..\examples\Importers\ImportColladaDemo\ImportColladaSetup.h">
      <Filter>examples\Importers\ImportColladaDemo</Filter>
    </ClInclude>
    <ClInclude Include="..\..\examples\Importers\ImportColladaDemo\LoadMeshFromCollada.h">
      <Filter>examples\Importers\ImportColladaDemo</Filter>
    </ClInclude>
    <ClInclude Include="..\..\examples\Importers\ImportObjDemo\ImportObjExample.h">
      <Filter>examples\Importers\ImportObjDemo</Filter>
    </ClInclude>
    <ClInclude Include="..\..\examples\Importers\ImportObjDemo\LoadMeshFromObj.h">
      <Filter>examples\Importers\ImportObjDemo</Filter>
    </ClInclude>
    <ClInclude Include="..\..\examples\Importers\ImportObjDemo\Wavefront2GLInstanceGraphicsShape.h">
      <Filter>examples\Importers\ImportObjDemo</Filter>
    </ClInclude>
    <ClInclude Include="..\..\examples\Importers\ImportSTLDemo\ImportSTLSetup.h">
      <Filter>examples\Importers\ImportSTLDemo</Filter>
    </ClInclude>
    <ClInclude Include="..\..\examples\Importers\ImportSTLDemo\LoadMeshFromSTL.h">
      <Filter>examples\Importers\ImportSTLDemo</Filter>
    </ClInclude>
    <ClInclude Include="..\..\examples\Importers\ImportURDFDemo\BulletUrdfImporter.h">
      <Filter>examples\Importers\ImportURDFDemo</Filter>
    </ClInclude>
    <ClInclude Include="..\..\examples\Importers\ImportURDFDemo\ConvertRigidBodies2MultiBody.h">
      <Filter>examples\Importers\ImportURDFDemo</Filter>
    </ClInclude>
    <ClInclude Include="..\..\examples\Importers\ImportURDFDemo\ImportURDFSetup.h">
      <Filter>examples\Importers\ImportURDFDemo</Filter>
    </ClInclude>
    <ClInclude Include="..\..\examples\Importers\ImportURDFDemo\MultiBodyCreationInterface.h">
      <Filter>examples\Importers\ImportURDFDemo</Filter>
    </ClInclude>
    <ClInclude Include="..\..\examples\Importers\ImportURDFDemo\MyMultiBodyCreator.h">
      <Filter>examples\Importers\ImportURDFDemo</Filter>
    </ClInclude>
    <ClInclude Include="..\..\examples\Importers\ImportURDFDemo\ROSURDFImporter.h">
      <Filter>examples\Importers\ImportURDFDemo</Filter>
    </ClInclude>
    <ClInclude Include="..\..\examples\Importers\ImportURDFDemo\URDF2Bullet.h">
      <Filter>examples\Importers\ImportURDFDemo</Filter>
    </ClInclude>
    <ClInclude Include="..\..\examples\Importers\ImportURDFDemo\urdf_samples.h">
      <Filter>examples\Importers\ImportURDFDemo</Filter>
    </ClInclude>
    <ClInclude Include="..\..\examples\Importers\ImportURDFDemo\URDFImporterInterface.h">
      <Filter>examples\Importers\ImportURDFDemo</Filter>
    </ClInclude>
    <ClInclude Include="..\..\examples\Importers\ImportURDFDemo\URDFJointTypes.h">
      <Filter>examples\Importers\ImportURDFDemo</Filter>
    </ClInclude>
    <ClInclude Include="..\..\examples\Importers\ImportURDFDemo\urdfLexicalCast.h">
      <Filter>examples\Importers\ImportURDFDemo</Filter>
    </ClInclude>
    <ClInclude Include="..\..\examples\Importers\ImportURDFDemo\UrdfParser.h">
      <Filter>examples\Importers\ImportURDFDemo</Filter>
    </ClInclude>
    <ClInclude Include="..\..\examples\Importers\ImportURDFDemo\urdfStringSplit.h">
      <Filter>examples\Importers\ImportURDFDemo</Filter>
    </ClInclude>
    <ClInclude Include="..\..\Extras\Serialize\BulletWorldImporter\btBulletWorldImporter.h">
      <Filter>Extras\Serialize\BulletWorldImporter</Filter>
    </ClInclude>
    <ClInclude Include="..\..\Extras\Serialize\BulletWorldImporter\btWorldImporter.h">
      <Filter>Extras\Serialize\BulletWorldImporter</Filter>
    </ClInclude>
    <ClInclude Include="..\..\Extras\Serialize\BulletFileLoader\bChunk.h">
      <Filter>Extras\Serialize\BulletFileLoader</Filter>
    </ClInclude>
    <ClInclude Include="..\..\Extras\Serialize\BulletFileLoader\bCommon.h">
      <Filter>Extras\Serialize\BulletFileLoader</Filter>
    </ClInclude>
    <ClInclude Include="..\..\Extras\Serialize\BulletFileLoader\bDefines.h">
      <Filter>Extras\Serialize\BulletFileLoader</Filter>
    </ClInclude>
    <ClInclude Include="..\..\Extras\Serialize\BulletFileLoader\bDNA.h">
      <Filter>Extras\Serialize\BulletFileLoader</Filter>
    </ClInclude>
    <ClInclude Include="..\..\Extras\Serialize\BulletFileLoader\bFile.h">
      <Filter>Extras\Serialize\BulletFileLoader</Filter>
    </ClInclude>
    <ClInclude Include="..\..\Extras\Serialize\BulletFileLoader\btBulletFile.h">
      <Filter>Extras\Serialize\BulletFileLoader</Filter>
    </ClInclude>
    <ClInclude Include="..\..\examples\Planar2D\Planar2D.h">
      <Filter>examples\Planar2D</Filter>
    </ClInclude>
    <ClInclude Include="..\..\examples\RenderingExamples\CoordinateSystemDemo.h">
      <Filter>examples\RenderingExamples</Filter>
    </ClInclude>
    <ClInclude Include="..\..\examples\RenderingExamples\RaytracerSetup.h">
      <Filter>examples\RenderingExamples</Filter>
    </ClInclude>
    <ClInclude Include="..\..\examples\RenderingExamples\RenderInstancingDemo.h">
      <Filter>examples\RenderingExamples</Filter>
    </ClInclude>
    <ClInclude Include="..\..\examples\RenderingExamples\TimeSeriesCanvas.h">
      <Filter>examples\RenderingExamples</Filter>
    </ClInclude>
    <ClInclude Include="..\..\examples\RenderingExamples\TimeSeriesExample.h">
      <Filter>examples\RenderingExamples</Filter>
    </ClInclude>
    <ClInclude Include="..\..\examples\RenderingExamples\TimeSeriesFontData.h">
      <Filter>examples\RenderingExamples</Filter>
    </ClInclude>
    <ClInclude Include="..\..\examples\VoronoiFracture\btConvexConvexMprAlgorithm.h">
      <Filter>examples\VoronoiFracture</Filter>
    </ClInclude>
    <ClInclude Include="..\..\examples\VoronoiFracture\VoronoiFractureDemo.h">
      <Filter>examples\VoronoiFracture</Filter>
    </ClInclude>
    <ClInclude Include="..\..\examples\SoftDemo\BunnyMesh.h">
      <Filter>examples\SoftDemo</Filter>
    </ClInclude>
    <ClInclude Include="..\..\examples\SoftDemo\SoftDemo.h">
      <Filter>examples\SoftDemo</Filter>
    </ClInclude>
    <ClInclude Include="..\..\examples\SoftDemo\TorusMesh.h">
      <Filter>examples\SoftDemo</Filter>
    </ClInclude>
    <ClInclude Include="..\..\examples\RollingFrictionDemo\RollingFrictionDemo.h">
      <Filter>examples\RollingFrictionDemo</Filter>
    </ClInclude>
    <ClInclude Include="..\..\examples\FractureDemo\btFractureBody.h">
      <Filter>examples\FractureDemo</Filter>
    </ClInclude>
    <ClInclude Include="..\..\examples\FractureDemo\btFractureDynamicsWorld.h">
      <Filter>examples\FractureDemo</Filter>
    </ClInclude>
    <ClInclude Include="..\..\examples\FractureDemo\FractureDemo.h">
      <Filter>examples\FractureDemo</Filter>
    </ClInclude>
    <ClInclude Include="..\..\examples\DynamicControlDemo\MotorDemo.h">
      <Filter>examples\DynamicControlDemo</Filter>
    </ClInclude>
    <ClInclude Include="..\..\examples\Constraints\ConstraintDemo.h">
      <Filter>examples\Constraints</Filter>
    </ClInclude>
    <ClInclude Include="..\..\examples\Constraints\ConstraintPhysicsSetup.h">
      <Filter>examples\Constraints</Filter>
    </ClInclude>
    <ClInclude Include="..\..\examples\Constraints\Dof6Spring2Setup.h">
      <Filter>examples\Constraints</Filter>
    </ClInclude>
    <ClInclude Include="..\..\examples\Constraints\TestHingeTorque.h">
      <Filter>examples\Constraints</Filter>
    </ClInclude>
    <ClInclude Include="..\..\examples\Vehicles\Hinge2Vehicle.h">
      <Filter>examples\Vehicles</Filter>
    </ClInclude>
    <ClInclude Include="..\..\examples\Raycast\RaytestDemo.h">
      <Filter>examples\Raycast</Filter>
    </ClInclude>
    <ClInclude Include="..\..\examples\ThirdPartyLibs\stb_image\stb_image.h">
      <Filter>examples\ThirdPartyLibs\stb_image</Filter>
    </ClInclude>
    <ClInclude Include="..\..\examples\ThirdPartyLibs\Wavefront\tiny_obj_loader.h">
      <Filter>examples\ThirdPartyLibs\Wavefront</Filter>
    </ClInclude>
    <ClInclude Include="..\..\examples\ThirdPartyLibs\tinyxml\tinystr.h">
      <Filter>examples\ThirdPartyLibs\tinyxml</Filter>
    </ClInclude>
    <ClInclude Include="..\..\examples\ThirdPartyLibs\tinyxml\tinyxml.h">
      <Filter>examples\ThirdPartyLibs\tinyxml</Filter>
    </ClInclude>
    <ClInclude Include="..\..\examples\Utils\b3Clock.h">
      <Filter>examples\Utils</Filter>
    </ClInclude>
    <ClInclude Include="..\..\examples\Utils\b3ResourcePath.h">
      <Filter>examples\Utils</Filter>
    </ClInclude>
    <ClInclude Include="..\..\examples\GyroscopicDemo\GyroscopicSetup.h">
      <Filter>examples\GyroscopicDemo</Filter>
    </ClInclude>
    <ClInclude Include="..\..\examples\ThirdPartyLibs\urdf\urdfdom\urdf_parser\include\urdf_parser\urdf_parser.h">
      <Filter>examples\ThirdPartyLibs\urdf\urdfdom\urdf_parser\include\urdf_parser</Filter>
    </ClInclude>
    <ClInclude Include="..\..\examples\ThirdPartyLibs\urdf\urdfdom_headers\urdf_exception\include\urdf_exception\exception.h">
      <Filter>examples\ThirdPartyLibs\urdf\urdfdom_headers\urdf_exception\include\urdf_exception</Filter>
    </ClInclude>
    <ClInclude Include="..\..\examples\ThirdPartyLibs\urdf\urdfdom_headers\urdf_model\include\urdf_model\pose.h">
      <Filter>examples\ThirdPartyLibs\urdf\urdfdom_headers\urdf_model\include\urdf_model</Filter>
    </ClInclude>
    <ClInclude Include="..\..\examples\ThirdPartyLibs\urdf\urdfdom_headers\urdf_model\include\urdf_model\model.h">
      <Filter>examples\ThirdPartyLibs\urdf\urdfdom_headers\urdf_model\include\urdf_model</Filter>
    </ClInclude>
    <ClInclude Include="..\..\examples\ThirdPartyLibs\urdf\urdfdom_headers\urdf_model\include\urdf_model\link.h">
      <Filter>examples\ThirdPartyLibs\urdf\urdfdom_headers\urdf_model\include\urdf_model</Filter>
    </ClInclude>
    <ClInclude Include="..\..\examples\ThirdPartyLibs\urdf\urdfdom_headers\urdf_model\include\urdf_model\joint.h">
      <Filter>examples\ThirdPartyLibs\urdf\urdfdom_headers\urdf_model\include\urdf_model</Filter>
    </ClInclude>
    <ClInclude Include="..\..\examples\ThirdPartyLibs\urdf\boost_replacement\lexical_cast.h">
      <Filter>examples\ThirdPartyLibs\urdf\boost_replacement</Filter>
    </ClInclude>
    <ClInclude Include="..\..\examples\ThirdPartyLibs\urdf\boost_replacement\shared_ptr.h">
      <Filter>examples\ThirdPartyLibs\urdf\boost_replacement</Filter>
    </ClInclude>
    <ClInclude Include="..\..\examples\ThirdPartyLibs\urdf\boost_replacement\printf_console.h">
      <Filter>examples\ThirdPartyLibs\urdf\boost_replacement</Filter>
    </ClInclude>
    <ClInclude Include="..\..\examples\ThirdPartyLibs\urdf\boost_replacement\string_split.h">
      <Filter>examples\ThirdPartyLibs\urdf\boost_replacement</Filter>
    </ClInclude>
    <ClInclude Include="..\..\examples\OpenCL\broadphase\PairBench.h">
      <Filter>examples\OpenCL\broadphase</Filter>
    </ClInclude>
    <ClInclude Include="..\..\examples\OpenCL\broadphase\pairsKernel.h">
      <Filter>examples\OpenCL\broadphase</Filter>
    </ClInclude>
    <ClInclude Include="..\..\examples\OpenCL\CommonOpenCL\CommonOpenCLBase.h">
      <Filter>examples\OpenCL\CommonOpenCL</Filter>
    </ClInclude>
    <ClInclude Include="..\..\examples\OpenCL\CommonOpenCL\GpuDemoInternalData.h">
      <Filter>examples\OpenCL\CommonOpenCL</Filter>
    </ClInclude>
  </ItemGroup>
  <ItemGroup>
    <ClCompile Include="..\..\src\clew\clew.c">
      <Filter>src\clew</Filter>
    </ClCompile>
    <ClCompile Include="..\..\examples\ThirdPartyLibs\Glew\glew.c">
      <Filter>examples\ThirdPartyLibs\Glew</Filter>
    </ClCompile>
    <ClCompile Include="..\..\examples\ExampleBrowser\ExampleEntries.cpp">
      <Filter>examples\ExampleBrowser</Filter>
    </ClCompile>
    <ClCompile Include="..\..\examples\ExampleBrowser\GL_ShapeDrawer.cpp">
      <Filter>examples\ExampleBrowser</Filter>
    </ClCompile>
    <ClCompile Include="..\..\examples\ExampleBrowser\main.cpp">
      <Filter>examples\ExampleBrowser</Filter>
    </ClCompile>
    <ClCompile Include="..\..\examples\ExampleBrowser\OpenGLExampleBrowser.cpp">
      <Filter>examples\ExampleBrowser</Filter>
    </ClCompile>
    <ClCompile Include="..\..\examples\ExampleBrowser\OpenGLGuiHelper.cpp">
      <Filter>examples\ExampleBrowser</Filter>
    </ClCompile>
    <ClCompile Include="..\..\examples\ExampleBrowser\GwenGUISupport\GraphingTexture.cpp">
      <Filter>examples\ExampleBrowser\GwenGUISupport</Filter>
    </ClCompile>
    <ClCompile Include="..\..\examples\ExampleBrowser\GwenGUISupport\GwenParameterInterface.cpp">
      <Filter>examples\ExampleBrowser\GwenGUISupport</Filter>
    </ClCompile>
    <ClCompile Include="..\..\examples\ExampleBrowser\GwenGUISupport\GwenProfileWindow.cpp">
      <Filter>examples\ExampleBrowser\GwenGUISupport</Filter>
    </ClCompile>
    <ClCompile Include="..\..\examples\ExampleBrowser\GwenGUISupport\GwenTextureWindow.cpp">
      <Filter>examples\ExampleBrowser\GwenGUISupport</Filter>
    </ClCompile>
    <ClCompile Include="..\..\examples\ExampleBrowser\GwenGUISupport\gwenUserInterface.cpp">
      <Filter>examples\ExampleBrowser\GwenGUISupport</Filter>
    </ClCompile>
    <ClCompile Include="..\..\examples\SharedMemory\PhysicsClientC_API.cpp">
      <Filter>examples\SharedMemory</Filter>
    </ClCompile>
    <ClCompile Include="..\..\examples\SharedMemory\PhysicsServerExample.cpp">
      <Filter>examples\SharedMemory</Filter>
    </ClCompile>
    <ClCompile Include="..\..\examples\SharedMemory\PhysicsClientExample.cpp">
      <Filter>examples\SharedMemory</Filter>
    </ClCompile>
    <ClCompile Include="..\..\examples\SharedMemory\PhysicsServer.cpp">
      <Filter>examples\SharedMemory</Filter>
    </ClCompile>
    <ClCompile Include="..\..\examples\SharedMemory\PhysicsServerSharedMemory.cpp">
      <Filter>examples\SharedMemory</Filter>
    </ClCompile>
    <ClCompile Include="..\..\examples\SharedMemory\PhysicsClientSharedMemory.cpp">
      <Filter>examples\SharedMemory</Filter>
    </ClCompile>
    <ClCompile Include="..\..\examples\SharedMemory\PhysicsClient.cpp">
      <Filter>examples\SharedMemory</Filter>
    </ClCompile>
    <ClCompile Include="..\..\examples\SharedMemory\PosixSharedMemory.cpp">
      <Filter>examples\SharedMemory</Filter>
    </ClCompile>
    <ClCompile Include="..\..\examples\SharedMemory\Win32SharedMemory.cpp">
      <Filter>examples\SharedMemory</Filter>
    </ClCompile>
    <ClCompile Include="..\..\examples\SharedMemory\PhysicsDirect.cpp">
      <Filter>examples\SharedMemory</Filter>
    </ClCompile>
    <ClCompile Include="..\..\examples\SharedMemory\PhysicsDirectC_API.cpp">
      <Filter>examples\SharedMemory</Filter>
    </ClCompile>
    <ClCompile Include="..\..\examples\SharedMemory\PhysicsLoopBack.cpp">
      <Filter>examples\SharedMemory</Filter>
    </ClCompile>
    <ClCompile Include="..\..\examples\SharedMemory\PhysicsLoopBackC_API.cpp">
      <Filter>examples\SharedMemory</Filter>
    </ClCompile>
    <ClCompile Include="..\..\examples\SharedMemory\PhysicsServerCommandProcessor.cpp">
      <Filter>examples\SharedMemory</Filter>
    </ClCompile>
    <ClCompile Include="..\..\examples\MultiThreading\MultiThreadingExample.cpp">
      <Filter>examples\MultiThreading</Filter>
    </ClCompile>
    <ClCompile Include="..\..\examples\MultiThreading\b3PosixThreadSupport.cpp">
      <Filter>examples\MultiThreading</Filter>
    </ClCompile>
    <ClCompile Include="..\..\examples\MultiThreading\b3Win32ThreadSupport.cpp">
      <Filter>examples\MultiThreading</Filter>
    </ClCompile>
    <ClCompile Include="..\..\examples\MultiThreading\b3ThreadSupportInterface.cpp">
      <Filter>examples\MultiThreading</Filter>
    </ClCompile>
    <ClCompile Include="..\..\examples\InverseDynamics\InverseDynamicsExample.cpp">
      <Filter>examples\InverseDynamics</Filter>
    </ClCompile>
    <ClCompile Include="..\..\examples\BasicDemo\BasicExample.cpp">
      <Filter>examples\BasicDemo</Filter>
    </ClCompile>
    <ClCompile Include="..\..\examples\Tutorial\Dof6ConstraintTutorial.cpp">
      <Filter>examples\Tutorial</Filter>
    </ClCompile>
    <ClCompile Include="..\..\examples\Tutorial\Tutorial.cpp">
      <Filter>examples\Tutorial</Filter>
    </ClCompile>
    <ClCompile Include="..\..\examples\Collision\CollisionSdkC_Api.cpp">
      <Filter>examples\Collision</Filter>
    </ClCompile>
    <ClCompile Include="..\..\examples\Collision\CollisionTutorialBullet2.cpp">
      <Filter>examples\Collision</Filter>
    </ClCompile>
    <ClCompile Include="..\..\examples\Collision\Internal\Bullet2CollisionSdk.cpp">
      <Filter>examples\Collision\Internal</Filter>
    </ClCompile>
    <ClCompile Include="..\..\examples\Collision\Internal\RealTimeBullet3CollisionSdk.cpp">
      <Filter>examples\Collision\Internal</Filter>
    </ClCompile>
    <ClCompile Include="..\..\examples\Benchmarks\BenchmarkDemo.cpp">
      <Filter>examples\Benchmarks</Filter>
    </ClCompile>
    <ClCompile Include="..\..\examples\ForkLift\ForkLiftDemo.cpp">
      <Filter>examples\ForkLift</Filter>
    </ClCompile>
    <ClCompile Include="..\..\examples\Importers\ImportBsp\BspConverter.cpp">
      <Filter>examples\Importers\ImportBsp</Filter>
    </ClCompile>
    <ClCompile Include="..\..\examples\Importers\ImportBsp\BspLoader.cpp">
      <Filter>examples\Importers\ImportBsp</Filter>
    </ClCompile>
    <ClCompile Include="..\..\examples\Importers\ImportBsp\ImportBspExample.cpp">
      <Filter>examples\Importers\ImportBsp</Filter>
    </ClCompile>
    <ClCompile Include="..\..\examples\Importers\ImportBullet\SerializeSetup.cpp">
      <Filter>examples\Importers\ImportBullet</Filter>
    </ClCompile>
    <ClCompile Include="..\..\examples\Importers\ImportColladaDemo\ImportColladaSetup.cpp">
      <Filter>examples\Importers\ImportColladaDemo</Filter>
    </ClCompile>
    <ClCompile Include="..\..\examples\Importers\ImportColladaDemo\LoadMeshFromCollada.cpp">
      <Filter>examples\Importers\ImportColladaDemo</Filter>
    </ClCompile>
    <ClCompile Include="..\..\examples\Importers\ImportObjDemo\ImportObjExample.cpp">
      <Filter>examples\Importers\ImportObjDemo</Filter>
    </ClCompile>
    <ClCompile Include="..\..\examples\Importers\ImportObjDemo\LoadMeshFromObj.cpp">
      <Filter>examples\Importers\ImportObjDemo</Filter>
    </ClCompile>
    <ClCompile Include="..\..\examples\Importers\ImportObjDemo\Wavefront2GLInstanceGraphicsShape.cpp">
      <Filter>examples\Importers\ImportObjDemo</Filter>
    </ClCompile>
    <ClCompile Include="..\..\examples\Importers\ImportSTLDemo\ImportSTLSetup.cpp">
      <Filter>examples\Importers\ImportSTLDemo</Filter>
    </ClCompile>
    <ClCompile Include="..\..\examples\Importers\ImportURDFDemo\BulletUrdfImporter.cpp">
      <Filter>examples\Importers\ImportURDFDemo</Filter>
    </ClCompile>
    <ClCompile Include="..\..\examples\Importers\ImportURDFDemo\ImportURDFSetup.cpp">
      <Filter>examples\Importers\ImportURDFDemo</Filter>
    </ClCompile>
    <ClCompile Include="..\..\examples\Importers\ImportURDFDemo\MyMultiBodyCreator.cpp">
      <Filter>examples\Importers\ImportURDFDemo</Filter>
    </ClCompile>
    <ClCompile Include="..\..\examples\Importers\ImportURDFDemo\ROSURDFImporter.cpp">
      <Filter>examples\Importers\ImportURDFDemo</Filter>
    </ClCompile>
    <ClCompile Include="..\..\examples\Importers\ImportURDFDemo\URDF2Bullet.cpp">
      <Filter>examples\Importers\ImportURDFDemo</Filter>
    </ClCompile>
    <ClCompile Include="..\..\examples\Importers\ImportURDFDemo\UrdfParser.cpp">
      <Filter>examples\Importers\ImportURDFDemo</Filter>
    </ClCompile>
    <ClCompile Include="..\..\examples\Importers\ImportURDFDemo\urdfStringSplit.cpp">
      <Filter>examples\Importers\ImportURDFDemo</Filter>
    </ClCompile>
    <ClCompile Include="..\..\Extras\Serialize\BulletWorldImporter\btBulletWorldImporter.cpp">
      <Filter>Extras\Serialize\BulletWorldImporter</Filter>
    </ClCompile>
    <ClCompile Include="..\..\Extras\Serialize\BulletWorldImporter\btWorldImporter.cpp">
      <Filter>Extras\Serialize\BulletWorldImporter</Filter>
    </ClCompile>
    <ClCompile Include="..\..\Extras\Serialize\BulletFileLoader\bChunk.cpp">
      <Filter>Extras\Serialize\BulletFileLoader</Filter>
    </ClCompile>
    <ClCompile Include="..\..\Extras\Serialize\BulletFileLoader\bDNA.cpp">
      <Filter>Extras\Serialize\BulletFileLoader</Filter>
    </ClCompile>
    <ClCompile Include="..\..\Extras\Serialize\BulletFileLoader\bFile.cpp">
      <Filter>Extras\Serialize\BulletFileLoader</Filter>
    </ClCompile>
    <ClCompile Include="..\..\Extras\Serialize\BulletFileLoader\btBulletFile.cpp">
      <Filter>Extras\Serialize\BulletFileLoader</Filter>
    </ClCompile>
    <ClCompile Include="..\..\examples\Planar2D\Planar2D.cpp">
      <Filter>examples\Planar2D</Filter>
    </ClCompile>
    <ClCompile Include="..\..\examples\RenderingExamples\CoordinateSystemDemo.cpp">
      <Filter>examples\RenderingExamples</Filter>
    </ClCompile>
    <ClCompile Include="..\..\examples\RenderingExamples\RaytracerSetup.cpp">
      <Filter>examples\RenderingExamples</Filter>
    </ClCompile>
    <ClCompile Include="..\..\examples\RenderingExamples\RenderInstancingDemo.cpp">
      <Filter>examples\RenderingExamples</Filter>
    </ClCompile>
    <ClCompile Include="..\..\examples\RenderingExamples\TimeSeriesCanvas.cpp">
      <Filter>examples\RenderingExamples</Filter>
    </ClCompile>
    <ClCompile Include="..\..\examples\RenderingExamples\TimeSeriesExample.cpp">
      <Filter>examples\RenderingExamples</Filter>
    </ClCompile>
    <ClCompile Include="..\..\examples\RenderingExamples\TimeSeriesFontData.cpp">
      <Filter>examples\RenderingExamples</Filter>
    </ClCompile>
    <ClCompile Include="..\..\examples\VoronoiFracture\btConvexConvexMprAlgorithm.cpp">
      <Filter>examples\VoronoiFracture</Filter>
    </ClCompile>
    <ClCompile Include="..\..\examples\VoronoiFracture\VoronoiFractureDemo.cpp">
      <Filter>examples\VoronoiFracture</Filter>
    </ClCompile>
    <ClCompile Include="..\..\examples\SoftDemo\SoftDemo.cpp">
      <Filter>examples\SoftDemo</Filter>
    </ClCompile>
    <ClCompile Include="..\..\examples\RollingFrictionDemo\RollingFrictionDemo.cpp">
      <Filter>examples\RollingFrictionDemo</Filter>
    </ClCompile>
    <ClCompile Include="..\..\examples\FractureDemo\btFractureBody.cpp">
      <Filter>examples\FractureDemo</Filter>
    </ClCompile>
    <ClCompile Include="..\..\examples\FractureDemo\btFractureDynamicsWorld.cpp">
      <Filter>examples\FractureDemo</Filter>
    </ClCompile>
    <ClCompile Include="..\..\examples\FractureDemo\FractureDemo.cpp">
      <Filter>examples\FractureDemo</Filter>
    </ClCompile>
    <ClCompile Include="..\..\examples\DynamicControlDemo\MotorDemo.cpp">
      <Filter>examples\DynamicControlDemo</Filter>
    </ClCompile>
    <ClCompile Include="..\..\examples\Constraints\ConstraintDemo.cpp">
      <Filter>examples\Constraints</Filter>
    </ClCompile>
    <ClCompile Include="..\..\examples\Constraints\ConstraintPhysicsSetup.cpp">
      <Filter>examples\Constraints</Filter>
    </ClCompile>
    <ClCompile Include="..\..\examples\Constraints\Dof6Spring2Setup.cpp">
      <Filter>examples\Constraints</Filter>
    </ClCompile>
    <ClCompile Include="..\..\examples\Constraints\TestHingeTorque.cpp">
      <Filter>examples\Constraints</Filter>
    </ClCompile>
    <ClCompile Include="..\..\examples\Vehicles\Hinge2Vehicle.cpp">
      <Filter>examples\Vehicles</Filter>
    </ClCompile>
    <ClCompile Include="..\..\examples\Raycast\RaytestDemo.cpp">
      <Filter>examples\Raycast</Filter>
    </ClCompile>
    <ClCompile Include="..\..\examples\MultiBody\MultiDofDemo.cpp">
      <Filter>examples\MultiBody</Filter>
    </ClCompile>
    <ClCompile Include="..\..\examples\MultiBody\TestJointTorqueSetup.cpp">
      <Filter>examples\MultiBody</Filter>
    </ClCompile>
    <ClCompile Include="..\..\examples\MultiBody\Pendulum.cpp">
      <Filter>examples\MultiBody</Filter>
    </ClCompile>
    <ClCompile Include="..\..\examples\MultiBody\MultiBodyConstraintFeedback.cpp">
      <Filter>examples\MultiBody</Filter>
    </ClCompile>
    <ClCompile Include="..\..\examples\MultiBody\InvertedPendulumPDControl.cpp">
      <Filter>examples\MultiBody</Filter>
    </ClCompile>
    <ClCompile Include="..\..\examples\ThirdPartyLibs\stb_image\stb_image.cpp">
      <Filter>examples\ThirdPartyLibs\stb_image</Filter>
    </ClCompile>
    <ClCompile Include="..\..\examples\ThirdPartyLibs\Wavefront\tiny_obj_loader.cpp">
      <Filter>examples\ThirdPartyLibs\Wavefront</Filter>
    </ClCompile>
    <ClCompile Include="..\..\examples\ThirdPartyLibs\tinyxml\tinystr.cpp">
      <Filter>examples\ThirdPartyLibs\tinyxml</Filter>
    </ClCompile>
    <ClCompile Include="..\..\examples\ThirdPartyLibs\tinyxml\tinyxml.cpp">
      <Filter>examples\ThirdPartyLibs\tinyxml</Filter>
    </ClCompile>
    <ClCompile Include="..\..\examples\ThirdPartyLibs\tinyxml\tinyxmlerror.cpp">
      <Filter>examples\ThirdPartyLibs\tinyxml</Filter>
    </ClCompile>
    <ClCompile Include="..\..\examples\ThirdPartyLibs\tinyxml\tinyxmlparser.cpp">
      <Filter>examples\ThirdPartyLibs\tinyxml</Filter>
    </ClCompile>
    <ClCompile Include="..\..\examples\Utils\b3Clock.cpp">
      <Filter>examples\Utils</Filter>
    </ClCompile>
    <ClCompile Include="..\..\examples\Utils\b3ResourcePath.cpp">
      <Filter>examples\Utils</Filter>
    </ClCompile>
    <ClCompile Include="..\..\examples\GyroscopicDemo\GyroscopicSetup.cpp">
      <Filter>examples\GyroscopicDemo</Filter>
    </ClCompile>
    <ClCompile Include="..\..\examples\ThirdPartyLibs\urdf\urdfdom\urdf_parser\src\pose.cpp">
      <Filter>examples\ThirdPartyLibs\urdf\urdfdom\urdf_parser\src</Filter>
    </ClCompile>
    <ClCompile Include="..\..\examples\ThirdPartyLibs\urdf\urdfdom\urdf_parser\src\model.cpp">
      <Filter>examples\ThirdPartyLibs\urdf\urdfdom\urdf_parser\src</Filter>
    </ClCompile>
    <ClCompile Include="..\..\examples\ThirdPartyLibs\urdf\urdfdom\urdf_parser\src\link.cpp">
      <Filter>examples\ThirdPartyLibs\urdf\urdfdom\urdf_parser\src</Filter>
    </ClCompile>
    <ClCompile Include="..\..\examples\ThirdPartyLibs\urdf\urdfdom\urdf_parser\src\joint.cpp">
      <Filter>examples\ThirdPartyLibs\urdf\urdfdom\urdf_parser\src</Filter>
    </ClCompile>
    <ClCompile Include="..\..\examples\ThirdPartyLibs\urdf\boost_replacement\printf_console.cpp">
      <Filter>examples\ThirdPartyLibs\urdf\boost_replacement</Filter>
    </ClCompile>
    <ClCompile Include="..\..\examples\ThirdPartyLibs\urdf\boost_replacement\string_split.cpp">
      <Filter>examples\ThirdPartyLibs\urdf\boost_replacement</Filter>
    </ClCompile>
    <ClCompile Include="..\..\examples\OpenCL\broadphase\PairBench.cpp">
      <Filter>examples\OpenCL\broadphase</Filter>
    </ClCompile>
    <ClCompile Include="..\..\examples\OpenCL\rigidbody\GpuConvexScene.cpp">
      <Filter>examples\OpenCL\rigidbody</Filter>
    </ClCompile>
    <ClCompile Include="..\..\examples\OpenCL\rigidbody\GpuRigidBodyDemo.cpp">
      <Filter>examples\OpenCL\rigidbody</Filter>
    </ClCompile>
  </ItemGroup>
</Project>
