<?xml version="1.0" encoding="utf-8"?>
<Project ToolsVersion="4.0" xmlns="http://schemas.microsoft.com/developer/msbuild/2003">
  <ItemGroup>
    <Filter Include="Extras">
      <UniqueIdentifier>{E6A23CFC-BD3E-3142-97EF-1A51FCF51E5C}</UniqueIdentifier>
    </Filter>
    <Filter Include="Extras\Serialize">
      <UniqueIdentifier>{EC5F0123-5D70-4B48-B7F9-A55484EB7FD4}</UniqueIdentifier>
    </Filter>
    <Filter Include="Extras\Serialize\BulletWorldImporter">
      <UniqueIdentifier>{D7E7ACE1-500B-E744-8C20-E60CEDF50BE3}</UniqueIdentifier>
    </Filter>
  </ItemGroup>
  <ItemGroup>
    <ClInclude Include="..\..\Extras\Serialize\BulletWorldImporter\btBulletWorldImporter.h">
      <Filter>Extras\Serialize\BulletWorldImporter</Filter>
    </ClInclude>
    <ClInclude Include="..\..\Extras\Serialize\BulletWorldImporter\btWorldImporter.h">
      <Filter>Extras\Serialize\BulletWorldImporter</Filter>
    </ClInclude>
  </ItemGroup>
  <ItemGroup>
    <ClCompile Include="..\..\Extras\Serialize\BulletWorldImporter\btBulletWorldImporter.cpp">
      <Filter>Extras\Serialize\BulletWorldImporter</Filter>
    </ClCompile>
    <ClCompile Include="..\..\Extras\Serialize\BulletWorldImporter\btWorldImporter.cpp">
      <Filter>Extras\Serialize\BulletWorldImporter</Filter>
    </ClCompile>
  </ItemGroup>
</Project>
