<?xml version="1.0" encoding="utf-8"?>
<Project ToolsVersion="4.0" xmlns="http://schemas.microsoft.com/developer/msbuild/2003">
  <ItemGroup>
    <Filter Include="test">
      <UniqueIdentifier>{65FCD3B2-E2EC-B545-AA4D-13D338B22E63}</UniqueIdentifier>
    </Filter>
    <Filter Include="test\SharedMemory">
      <UniqueIdentifier>{FB068741-DB13-B942-87BE-D444D87B8088}</UniqueIdentifier>
    </Filter>
    <Filter Include="examples">
      <UniqueIdentifier>{CA08FD69-9252-4B45-8810-F3EC990975D5}</UniqueIdentifier>
    </Filter>
    <Filter Include="examples\SharedMemory">
      <UniqueIdentifier>{7A7C6D70-2800-6347-BF33-F19C034011BC}</UniqueIdentifier>
    </Filter>
    <Filter Include="examples\Utils">
      <UniqueIdentifier>{6C85137D-3020-3B4D-812F-A8ED2EDD4568}</UniqueIdentifier>
    </Filter>
    <Filter Include="examples\ThirdPartyLibs">
      <UniqueIdentifier>{81C61443-9EC1-EB4B-87ED-6796A8C7AB35}</UniqueIdentifier>
    </Filter>
    <Filter Include="examples\ThirdPartyLibs\tinyxml">
      <UniqueIdentifier>{9B8F1E12-A0C2-2540-9585-417E7A557777}</UniqueIdentifier>
    </Filter>
    <Filter Include="examples\ThirdPartyLibs\Wavefront">
      <UniqueIdentifier>{89255BC8-D2F8-5B46-AC12-85BE6FB90FAF}</UniqueIdentifier>
    </Filter>
    <Filter Include="examples\Importers">
      <UniqueIdentifier>{02019484-E43C-F14C-88A3-0AEA94F4D767}</UniqueIdentifier>
    </Filter>
    <Filter Include="examples\Importers\ImportColladaDemo">
      <UniqueIdentifier>{CFD03ED3-FF7A-3746-AFA2-F61C5E9C7BE1}</UniqueIdentifier>
    </Filter>
    <Filter Include="examples\Importers\ImportObjDemo">
      <UniqueIdentifier>{CE0A7BB1-9B35-BE4D-85D8-495633D1F69E}</UniqueIdentifier>
    </Filter>
    <Filter Include="examples\Importers\ImportURDFDemo">
      <UniqueIdentifier>{3CB237A8-7050-C845-A04D-169C0BB59213}</UniqueIdentifier>
    </Filter>
  </ItemGroup>
  <ItemGroup>
    <ClInclude Include="..\..\examples\SharedMemory\PhysicsClient.h">
      <Filter>examples\SharedMemory</Filter>
    </ClInclude>
    <ClInclude Include="..\..\examples\SharedMemory\PhysicsServer.h">
      <Filter>examples\SharedMemory</Filter>
    </ClInclude>
    <ClInclude Include="..\..\examples\SharedMemory\PhysicsServerSharedMemory.h">
      <Filter>examples\SharedMemory</Filter>
    </ClInclude>
    <ClInclude Include="..\..\examples\SharedMemory\PhysicsDirect.h">
      <Filter>examples\SharedMemory</Filter>
    </ClInclude>
    <ClInclude Include="..\..\examples\SharedMemory\PhysicsDirectC_API.h">
      <Filter>examples\SharedMemory</Filter>
    </ClInclude>
    <ClInclude Include="..\..\examples\SharedMemory\PhysicsServerCommandProcessor.h">
      <Filter>examples\SharedMemory</Filter>
    </ClInclude>
    <ClInclude Include="..\..\examples\SharedMemory\PhysicsClientSharedMemory.h">
      <Filter>examples\SharedMemory</Filter>
    </ClInclude>
    <ClInclude Include="..\..\examples\SharedMemory\PhysicsClientC_API.h">
      <Filter>examples\SharedMemory</Filter>
    </ClInclude>
    <ClInclude Include="..\..\examples\SharedMemory\Win32SharedMemory.h">
      <Filter>examples\SharedMemory</Filter>
    </ClInclude>
    <ClInclude Include="..\..\examples\SharedMemory\PosixSharedMemory.h">
      <Filter>examples\SharedMemory</Filter>
    </ClInclude>
    <ClInclude Include="..\..\examples\Utils\b3ResourcePath.h">
      <Filter>examples\Utils</Filter>
    </ClInclude>
    <ClInclude Include="..\..\examples\ThirdPartyLibs\Wavefront\tiny_obj_loader.h">
      <Filter>examples\ThirdPartyLibs\Wavefront</Filter>
    </ClInclude>
  </ItemGroup>
  <ItemGroup>
    <ClCompile Include="..\..\test\SharedMemory\test.c">
      <Filter>test\SharedMemory</Filter>
    </ClCompile>
    <ClCompile Include="..\..\examples\SharedMemory\PhysicsClient.cpp">
      <Filter>examples\SharedMemory</Filter>
    </ClCompile>
    <ClCompile Include="..\..\examples\SharedMemory\PhysicsServer.cpp">
      <Filter>examples\SharedMemory</Filter>
    </ClCompile>
    <ClCompile Include="..\..\examples\SharedMemory\PhysicsServerSharedMemory.cpp">
      <Filter>examples\SharedMemory</Filter>
    </ClCompile>
    <ClCompile Include="..\..\examples\SharedMemory\PhysicsDirect.cpp">
      <Filter>examples\SharedMemory</Filter>
    </ClCompile>
    <ClCompile Include="..\..\examples\SharedMemory\PhysicsDirectC_API.cpp">
      <Filter>examples\SharedMemory</Filter>
    </ClCompile>
    <ClCompile Include="..\..\examples\SharedMemory\PhysicsServerCommandProcessor.cpp">
      <Filter>examples\SharedMemory</Filter>
    </ClCompile>
    <ClCompile Include="..\..\examples\SharedMemory\PhysicsClientSharedMemory.cpp">
      <Filter>examples\SharedMemory</Filter>
    </ClCompile>
    <ClCompile Include="..\..\examples\SharedMemory\PhysicsClientC_API.cpp">
      <Filter>examples\SharedMemory</Filter>
    </ClCompile>
    <ClCompile Include="..\..\examples\SharedMemory\Win32SharedMemory.cpp">
      <Filter>examples\SharedMemory</Filter>
    </ClCompile>
    <ClCompile Include="..\..\examples\SharedMemory\PosixSharedMemory.cpp">
      <Filter>examples\SharedMemory</Filter>
    </ClCompile>
    <ClCompile Include="..\..\examples\Utils\b3ResourcePath.cpp">
      <Filter>examples\Utils</Filter>
    </ClCompile>
    <ClCompile Include="..\..\examples\ThirdPartyLibs\tinyxml\tinystr.cpp">
      <Filter>examples\ThirdPartyLibs\tinyxml</Filter>
    </ClCompile>
    <ClCompile Include="..\..\examples\ThirdPartyLibs\tinyxml\tinyxml.cpp">
      <Filter>examples\ThirdPartyLibs\tinyxml</Filter>
    </ClCompile>
    <ClCompile Include="..\..\examples\ThirdPartyLibs\tinyxml\tinyxmlerror.cpp">
      <Filter>examples\ThirdPartyLibs\tinyxml</Filter>
    </ClCompile>
    <ClCompile Include="..\..\examples\ThirdPartyLibs\tinyxml\tinyxmlparser.cpp">
      <Filter>examples\ThirdPartyLibs\tinyxml</Filter>
    </ClCompile>
    <ClCompile Include="..\..\examples\ThirdPartyLibs\Wavefront\tiny_obj_loader.cpp">
      <Filter>examples\ThirdPartyLibs\Wavefront</Filter>
    </ClCompile>
    <ClCompile Include="..\..\examples\Importers\ImportColladaDemo\LoadMeshFromCollada.cpp">
      <Filter>examples\Importers\ImportColladaDemo</Filter>
    </ClCompile>
    <ClCompile Include="..\..\examples\Importers\ImportObjDemo\LoadMeshFromObj.cpp">
      <Filter>examples\Importers\ImportObjDemo</Filter>
    </ClCompile>
    <ClCompile Include="..\..\examples\Importers\ImportObjDemo\Wavefront2GLInstanceGraphicsShape.cpp">
      <Filter>examples\Importers\ImportObjDemo</Filter>
    </ClCompile>
    <ClCompile Include="..\..\examples\Importers\ImportURDFDemo\BulletUrdfImporter.cpp">
      <Filter>examples\Importers\ImportURDFDemo</Filter>
    </ClCompile>
    <ClCompile Include="..\..\examples\Importers\ImportURDFDemo\MyMultiBodyCreator.cpp">
      <Filter>examples\Importers\ImportURDFDemo</Filter>
    </ClCompile>
    <ClCompile Include="..\..\examples\Importers\ImportURDFDemo\URDF2Bullet.cpp">
      <Filter>examples\Importers\ImportURDFDemo</Filter>
    </ClCompile>
    <ClCompile Include="..\..\examples\Importers\ImportURDFDemo\UrdfParser.cpp">
      <Filter>examples\Importers\ImportURDFDemo</Filter>
    </ClCompile>
    <ClCompile Include="..\..\examples\Importers\ImportURDFDemo\urdfStringSplit.cpp">
      <Filter>examples\Importers\ImportURDFDemo</Filter>
    </ClCompile>
  </ItemGroup>
</Project>
