<?xml version="1.0" encoding="utf-8"?>
<Project ToolsVersion="4.0" xmlns="http://schemas.microsoft.com/developer/msbuild/2003">
  <ItemGroup>
    <Filter Include="Characters">
      <UniqueIdentifier>{b27fd8f0-f3b0-4861-8c44-cbc950df71e1}</UniqueIdentifier>
    </Filter>
    <Filter Include="Game Logic">
      <UniqueIdentifier>{c08fa25d-4392-45a8-8150-1f7ac419628d}</UniqueIdentifier>
    </Filter>
    <Filter Include="Scenes">
      <UniqueIdentifier>{b4db589b-e802-4b04-8d44-910ba4ef7429}</UniqueIdentifier>
    </Filter>
    <Filter Include="Weapons">
      <UniqueIdentifier>{dc5d85cf-3d83-48c4-ab29-b1d07bf97a97}</UniqueIdentifier>
    </Filter>
    <Filter Include="Game World">
      <UniqueIdentifier>{87748869-0863-4835-a414-309f269453a5}</UniqueIdentifier>
    </Filter>
  </ItemGroup>
  <ItemGroup>
    <ClCompile Include="GameSceneManager.cpp">
      <Filter>Game Logic</Filter>
    </ClCompile>
    <ClCompile Include="Main.cpp">
      <Filter>Game Logic</Filter>
    </ClCompile>
    <ClCompile Include="TitleScene.cpp">
      <Filter>Scenes</Filter>
    </ClCompile>
    <ClCompile Include="GameplayScene.cpp">
      <Filter>Scenes</Filter>
    </ClCompile>
    <ClCompile Include="SceneLoader.cpp">
      <Filter>Scenes</Filter>
    </ClCompile>
    <ClCompile Include="Player.cpp">
      <Filter>Characters</Filter>
    </ClCompile>
    <ClCompile Include="RinkLevelMap.cpp">
      <Filter>Game World</Filter>
    </ClCompile>
    <ClCompile Include="Puck.cpp">
      <Filter>Weapons</Filter>
    </ClCompile>
    <ClCompile Include="HockeyStick.cpp">
      <Filter>Weapons</Filter>
    </ClCompile>
    <ClCompile Include="PuckManager.cpp">
      <Filter>Weapons</Filter>
    </ClCompile>
  </ItemGroup>
  <ItemGroup>
    <ClInclude Include="Weapon.h">
      <Filter>Weapons</Filter>
    </ClInclude>
    <ClInclude Include="HockeyStick.h">
      <Filter>Weapons</Filter>
    </ClInclude>
    <ClInclude Include="Puck.h">
      <Filter>Weapons</Filter>
    </ClInclude>
    <ClInclude Include="Character.h">
      <Filter>Characters</Filter>
    </ClInclude>
    <ClInclude Include="Player.h">
      <Filter>Characters</Filter>
    </ClInclude>
    <ClInclude Include="GameSceneManager.h">
      <Filter>Game Logic</Filter>
    </ClInclude>
    <ClInclude Include="Main.h">
      <Filter>Game Logic</Filter>
    </ClInclude>
    <ClInclude Include="TitleScene.h">
      <Filter>Scenes</Filter>
    </ClInclude>
    <ClInclude Include="GameplayScene.h">
      <Filter>Scenes</Filter>
    </ClInclude>
    <ClInclude Include="SceneLoader.h">
      <Filter>Scenes</Filter>
    </ClInclude>
    <ClInclude Include="RinkLevelMap.h">
      <Filter>Game World</Filter>
    </ClInclude>
    <ClInclude Include="WeaponContainer.h">
      <Filter>Weapons</Filter>
    </ClInclude>
    <ClInclude Include="PuckManager.h">
      <Filter>Weapons</Filter>
    </ClInclude>
  </ItemGroup>
</Project>