<?xml version="1.0" encoding="utf-8"?>
<Project ToolsVersion="4.0" xmlns="http://schemas.microsoft.com/developer/msbuild/2003">
  <ItemGroup>
    <Filter Include="Debug">
      <UniqueIdentifier>{768e349b-cb50-4264-93e4-f299fa6909b5}</UniqueIdentifier>
    </Filter>
    <Filter Include="Core">
      <UniqueIdentifier>{4FC737F1-C7A5-4376-A066-2A32D752A2FF}</UniqueIdentifier>
      <Extensions>cpp;c;cc;cxx;def;odl;idl;hpj;bat;asm;asmx</Extensions>
    </Filter>
    <Filter Include="Math">
      <UniqueIdentifier>{c93e1709-56ac-46bb-b5b4-533836fd44d7}</UniqueIdentifier>
    </Filter>
    <Filter Include="Graphics">
      <UniqueIdentifier>{3e8aec4e-71d7-4a96-81eb-5fa728a21da8}</UniqueIdentifier>
    </Filter>
    <Filter Include="Audio">
      <UniqueIdentifier>{489dddd5-1542-4049-9f6f-83c7eb831f7f}</UniqueIdentifier>
    </Filter>
    <Filter Include="Adapter">
      <UniqueIdentifier>{8c9264c0-40bf-4247-9057-47b6613bbdd7}</UniqueIdentifier>
    </Filter>
    <Filter Include="Main">
      <UniqueIdentifier>{b6a836db-4c95-4f65-8c90-294f233d73bc}</UniqueIdentifier>
    </Filter>
    <Filter Include="ODE Physics">
      <UniqueIdentifier>{da744696-89fa-45ec-a7a2-7dbfd9c25b50}</UniqueIdentifier>
    </Filter>
    <Filter Include="Controller">
      <UniqueIdentifier>{3f47f451-c380-419c-bfca-7286c0d3c4f9}</UniqueIdentifier>
    </Filter>
  </ItemGroup>
  <ItemGroup>
    <ClCompile Include="Debug.cpp">
      <Filter>Debug</Filter>
    </ClCompile>
    <ClCompile Include="Window.cpp">
      <Filter>Core</Filter>
    </ClCompile>
    <ClCompile Include="Graphics.cpp">
      <Filter>Graphics</Filter>
    </ClCompile>
    <ClCompile Include="Timer.cpp">
      <Filter>Core</Filter>
    </ClCompile>
    <ClCompile Include="Main.cpp">
      <Filter>Main</Filter>
    </ClCompile>
    <ClCompile Include="Audio.cpp">
      <Filter>Audio</Filter>
    </ClCompile>
    <ClCompile Include="Music.cpp">
      <Filter>Audio</Filter>
    </ClCompile>
    <ClCompile Include="Controller.cpp">
      <Filter>Controller</Filter>
    </ClCompile>
  </ItemGroup>
  <ItemGroup>
    <ClInclude Include="Window.h">
      <Filter>Core</Filter>
    </ClInclude>
    <ClInclude Include="Vector.h">
      <Filter>Math</Filter>
    </ClInclude>
    <ClInclude Include="Matrix.h">
      <Filter>Math</Filter>
    </ClInclude>
    <ClInclude Include="VMath.h">
      <Filter>Math</Filter>
    </ClInclude>
    <ClInclude Include="Debug.h">
      <Filter>Debug</Filter>
    </ClInclude>
    <ClInclude Include="Graphics.h">
      <Filter>Graphics</Filter>
    </ClInclude>
    <ClInclude Include="Timer.h">
      <Filter>Core</Filter>
    </ClInclude>
    <ClInclude Include="MMath.h">
      <Filter>Math</Filter>
    </ClInclude>
    <ClInclude Include="SDL_Adapter.h">
      <Filter>Adapter</Filter>
    </ClInclude>
    <ClInclude Include="..\Dependencies\ODE\include\ode\collision.h">
      <Filter>ODE Physics</Filter>
    </ClInclude>
    <ClInclude Include="..\Dependencies\ODE\include\ode\collision_space.h">
      <Filter>ODE Physics</Filter>
    </ClInclude>
    <ClInclude Include="..\Dependencies\ODE\include\ode\collision_trimesh.h">
      <Filter>ODE Physics</Filter>
    </ClInclude>
    <ClInclude Include="..\Dependencies\ODE\include\ode\common.h">
      <Filter>ODE Physics</Filter>
    </ClInclude>
    <ClInclude Include="..\Dependencies\ODE\include\ode\compatibility.h">
      <Filter>ODE Physics</Filter>
    </ClInclude>
    <ClInclude Include="..\Dependencies\ODE\include\ode\contact.h">
      <Filter>ODE Physics</Filter>
    </ClInclude>
    <ClInclude Include="..\Dependencies\ODE\include\ode\error.h">
      <Filter>ODE Physics</Filter>
    </ClInclude>
    <ClInclude Include="..\Dependencies\ODE\include\ode\export-dif.h">
      <Filter>ODE Physics</Filter>
    </ClInclude>
    <ClInclude Include="..\Dependencies\ODE\include\ode\mass.h">
      <Filter>ODE Physics</Filter>
    </ClInclude>
    <ClInclude Include="..\Dependencies\ODE\include\ode\matrix.h">
      <Filter>ODE Physics</Filter>
    </ClInclude>
    <ClInclude Include="..\Dependencies\ODE\include\ode\memory.h">
      <Filter>ODE Physics</Filter>
    </ClInclude>
    <ClInclude Include="..\Dependencies\ODE\include\ode\misc.h">
      <Filter>ODE Physics</Filter>
    </ClInclude>
    <ClInclude Include="..\Dependencies\ODE\include\ode\objects.h">
      <Filter>ODE Physics</Filter>
    </ClInclude>
    <ClInclude Include="..\Dependencies\ODE\include\ode\ode.h">
      <Filter>ODE Physics</Filter>
    </ClInclude>
    <ClInclude Include="..\Dependencies\ODE\include\ode\odeconfig.h">
      <Filter>ODE Physics</Filter>
    </ClInclude>
    <ClInclude Include="..\Dependencies\ODE\include\ode\odecpp.h">
      <Filter>ODE Physics</Filter>
    </ClInclude>
    <ClInclude Include="..\Dependencies\ODE\include\ode\odecpp_collision.h">
      <Filter>ODE Physics</Filter>
    </ClInclude>
    <ClInclude Include="..\Dependencies\ODE\include\ode\odeinit.h">
      <Filter>ODE Physics</Filter>
    </ClInclude>
    <ClInclude Include="..\Dependencies\ODE\include\ode\odemath.h">
      <Filter>ODE Physics</Filter>
    </ClInclude>
    <ClInclude Include="..\Dependencies\ODE\include\ode\odemath_legacy.h">
      <Filter>ODE Physics</Filter>
    </ClInclude>
    <ClInclude Include="..\Dependencies\ODE\include\ode\precision.h">
      <Filter>ODE Physics</Filter>
    </ClInclude>
    <ClInclude Include="..\Dependencies\ODE\include\ode\rotation.h">
      <Filter>ODE Physics</Filter>
    </ClInclude>
    <ClInclude Include="..\Dependencies\ODE\include\ode\threading.h">
      <Filter>ODE Physics</Filter>
    </ClInclude>
    <ClInclude Include="..\Dependencies\ODE\include\ode\threading_impl.h">
      <Filter>ODE Physics</Filter>
    </ClInclude>
    <ClInclude Include="..\Dependencies\ODE\include\ode\timer.h">
      <Filter>ODE Physics</Filter>
    </ClInclude>
    <ClInclude Include="Audio.h">
      <Filter>Audio</Filter>
    </ClInclude>
    <ClInclude Include="Music.h">
      <Filter>Audio</Filter>
    </ClInclude>
    <ClInclude Include="Controller.h">
      <Filter>Controller</Filter>
    </ClInclude>
  </ItemGroup>
</Project>